Microsoft Visual Studio Solution File, Format Version 12.00
# Visual Studio Version 17
VisualStudioVersion = 17.0.31903.59
MinimumVisualStudioVersion = 10.0.40219.1
Project("{8BC9CEB8-8B4A-11D0-8D11-00A0C91BC942}") = "c90", "..\VM6747\Compiler-Ci\ide\cc1.vcxproj", "{6C1B4A2E-5D3F-4A18-9E77-2B0C4F8A1D31}"
EndProject
Project("{8BC9CEB8-8B4A-11D0-8D11-00A0C91BC942}") = "cpp11", "..\VM6747\Compiler-Cppi\ide\cxx1.vcxproj", "{9CCC91A3-EF5C-130A-8C1D-A127C1300F62}"
EndProject
Project("{8BC9CEB8-8B4A-11D0-8D11-00A0C91BC942}") = "vm6747", "..\VM6747\Emulator\vm6747.vcxproj", "{D5DA3DC4-A351-76DB-AFBA-C05657A7ED4D}"
EndProject
Project("{8BC9CEB8-8B4A-11D0-8D11-00A0C91BC942}") = "asm6x", "..\ASM6x\asm6x.vcxproj", "{5C99626E-F1B6-1A08-BDE8-E20EE380DF30}"
EndProject
Project("{8BC9CEB8-8B4A-11D0-8D11-00A0C91BC942}") = "masm", "..\MASM\masm.vcxproj", "{CAA842CC-7EF0-CA4B-5FB6-DED02144F554}"
EndProject
Project("{8BC9CEB8-8B4A-11D0-8D11-00A0C91BC942}") = "link", "..\LINK\link.vcxproj", "{1434130E-D2FD-44EC-BAC0-2C11DFAE714A}"
EndProject
Project("{8BC9CEB8-8B4A-11D0-8D11-00A0C91BC942}") = "lnk6x", "..\LNK6x\lnk6x.vcxproj", "{798D12B2-F1A0-5AA0-9205-3B8F1381F5B3}"
EndProject
Project("{8BC9CEB8-8B4A-11D0-8D11-00A0C91BC942}") = "vm6747sim", "..\VM6747-sim\vm6747sim.vcxproj", "{5B4EF9A9-62E0-7732-C414-674702B01932}"
EndProject
Project("{8BC9CEB8-8B4A-11D0-8D11-00A0C91BC942}") = "rts6x", "..\RTS6x\rts6x.vcxproj", "{08BE728A-FAFA-293F-A679-72F80B983AD1}"
	ProjectSection(ProjectDependencies) = postProject
		{9CCC91A3-EF5C-130A-8C1D-A127C1300F62} = {9CCC91A3-EF5C-130A-8C1D-A127C1300F62}
		{5C99626E-F1B6-1A08-BDE8-E20EE380DF30} = {5C99626E-F1B6-1A08-BDE8-E20EE380DF30}
		{5BC0DB40-BD9A-72C2-1130-8E762F9DB1F7} = {5BC0DB40-BD9A-72C2-1130-8E762F9DB1F7}
	EndProjectSection
EndProject
Project("{8BC9CEB8-8B4A-11D0-8D11-00A0C91BC942}") = "shalimar", "..\VM6747\Compiler-Si\ide\shc.vcxproj", "{5BC0DB40-BD9A-72C2-1130-8E762F9DB1F7}"
	ProjectSection(ProjectDependencies) = postProject
		{9CCC91A3-EF5C-130A-8C1D-A127C1300F62} = {9CCC91A3-EF5C-130A-8C1D-A127C1300F62}
	EndProjectSection
EndProject
Project("{8BC9CEB8-8B4A-11D0-8D11-00A0C91BC942}") = "c2s", "..\Converter-C2S\c2s.vcxproj", "{A4FC64B4-14A5-3103-5CD2-A17F9F320FE2}"
EndProject
Project("{8BC9CEB8-8B4A-11D0-8D11-00A0C91BC942}") = "RIDEConsole", "RIDEConsole.vcxproj", "{2FF23966-297C-F635-8A5A-7FDC5EBFEE4B}"
	ProjectSection(ProjectDependencies) = postProject
		{6C1B4A2E-5D3F-4A18-9E77-2B0C4F8A1D31} = {6C1B4A2E-5D3F-4A18-9E77-2B0C4F8A1D31}
		{9CCC91A3-EF5C-130A-8C1D-A127C1300F62} = {9CCC91A3-EF5C-130A-8C1D-A127C1300F62}
		{D5DA3DC4-A351-76DB-AFBA-C05657A7ED4D} = {D5DA3DC4-A351-76DB-AFBA-C05657A7ED4D}
		{5C99626E-F1B6-1A08-BDE8-E20EE380DF30} = {5C99626E-F1B6-1A08-BDE8-E20EE380DF30}
		{CAA842CC-7EF0-CA4B-5FB6-DED02144F554} = {CAA842CC-7EF0-CA4B-5FB6-DED02144F554}
		{1434130E-D2FD-44EC-BAC0-2C11DFAE714A} = {1434130E-D2FD-44EC-BAC0-2C11DFAE714A}
		{798D12B2-F1A0-5AA0-9205-3B8F1381F5B3} = {798D12B2-F1A0-5AA0-9205-3B8F1381F5B3}
		{5B4EF9A9-62E0-7732-C414-674702B01932} = {5B4EF9A9-62E0-7732-C414-674702B01932}
		{08BE728A-FAFA-293F-A679-72F80B983AD1} = {08BE728A-FAFA-293F-A679-72F80B983AD1}
		{5BC0DB40-BD9A-72C2-1130-8E762F9DB1F7} = {5BC0DB40-BD9A-72C2-1130-8E762F9DB1F7}
		{A4FC64B4-14A5-3103-5CD2-A17F9F320FE2} = {A4FC64B4-14A5-3103-5CD2-A17F9F320FE2}
	EndProjectSection
EndProject
Project("{8BC9CEB8-8B4A-11D0-8D11-00A0C91BC942}") = "RIDEGui", "winforms\RIDEGui.vcxproj", "{8F4C2E61-9A73-4B5D-B2E8-6C1A0D3F7B94}"
	ProjectSection(ProjectDependencies) = postProject
		{6C1B4A2E-5D3F-4A18-9E77-2B0C4F8A1D31} = {6C1B4A2E-5D3F-4A18-9E77-2B0C4F8A1D31}
		{9CCC91A3-EF5C-130A-8C1D-A127C1300F62} = {9CCC91A3-EF5C-130A-8C1D-A127C1300F62}
		{D5DA3DC4-A351-76DB-AFBA-C05657A7ED4D} = {D5DA3DC4-A351-76DB-AFBA-C05657A7ED4D}
		{5C99626E-F1B6-1A08-BDE8-E20EE380DF30} = {5C99626E-F1B6-1A08-BDE8-E20EE380DF30}
		{CAA842CC-7EF0-CA4B-5FB6-DED02144F554} = {CAA842CC-7EF0-CA4B-5FB6-DED02144F554}
		{1434130E-D2FD-44EC-BAC0-2C11DFAE714A} = {1434130E-D2FD-44EC-BAC0-2C11DFAE714A}
		{798D12B2-F1A0-5AA0-9205-3B8F1381F5B3} = {798D12B2-F1A0-5AA0-9205-3B8F1381F5B3}
		{5B4EF9A9-62E0-7732-C414-674702B01932} = {5B4EF9A9-62E0-7732-C414-674702B01932}
		{08BE728A-FAFA-293F-A679-72F80B983AD1} = {08BE728A-FAFA-293F-A679-72F80B983AD1}
		{5BC0DB40-BD9A-72C2-1130-8E762F9DB1F7} = {5BC0DB40-BD9A-72C2-1130-8E762F9DB1F7}
		{A4FC64B4-14A5-3103-5CD2-A17F9F320FE2} = {A4FC64B4-14A5-3103-5CD2-A17F9F320FE2}
	EndProjectSection
EndProject
Project("{54435603-DBB4-11D2-8724-00A0C9A8B90C}") = "Installer", "packaging\windows\Installer.vdproj", "{7F7EF632-C224-BFF8-E2C5-AD7B78FD463E}"
	ProjectSection(ProjectDependencies) = postProject
		{6C1B4A2E-5D3F-4A18-9E77-2B0C4F8A1D31} = {6C1B4A2E-5D3F-4A18-9E77-2B0C4F8A1D31}
		{9CCC91A3-EF5C-130A-8C1D-A127C1300F62} = {9CCC91A3-EF5C-130A-8C1D-A127C1300F62}
		{D5DA3DC4-A351-76DB-AFBA-C05657A7ED4D} = {D5DA3DC4-A351-76DB-AFBA-C05657A7ED4D}
		{5C99626E-F1B6-1A08-BDE8-E20EE380DF30} = {5C99626E-F1B6-1A08-BDE8-E20EE380DF30}
		{CAA842CC-7EF0-CA4B-5FB6-DED02144F554} = {CAA842CC-7EF0-CA4B-5FB6-DED02144F554}
		{1434130E-D2FD-44EC-BAC0-2C11DFAE714A} = {1434130E-D2FD-44EC-BAC0-2C11DFAE714A}
		{798D12B2-F1A0-5AA0-9205-3B8F1381F5B3} = {798D12B2-F1A0-5AA0-9205-3B8F1381F5B3}
		{5B4EF9A9-62E0-7732-C414-674702B01932} = {5B4EF9A9-62E0-7732-C414-674702B01932}
		{08BE728A-FAFA-293F-A679-72F80B983AD1} = {08BE728A-FAFA-293F-A679-72F80B983AD1}
		{5BC0DB40-BD9A-72C2-1130-8E762F9DB1F7} = {5BC0DB40-BD9A-72C2-1130-8E762F9DB1F7}
		{A4FC64B4-14A5-3103-5CD2-A17F9F320FE2} = {A4FC64B4-14A5-3103-5CD2-A17F9F320FE2}
		{2FF23966-297C-F635-8A5A-7FDC5EBFEE4B} = {2FF23966-297C-F635-8A5A-7FDC5EBFEE4B}
		{8F4C2E61-9A73-4B5D-B2E8-6C1A0D3F7B94} = {8F4C2E61-9A73-4B5D-B2E8-6C1A0D3F7B94}
	EndProjectSection
EndProject
Global
	GlobalSection(SolutionConfigurationPlatforms) = preSolution
		Debug|x64 = Debug|x64
		Release|x64 = Release|x64
	EndGlobalSection
	GlobalSection(ProjectConfigurationPlatforms) = postSolution
		{6C1B4A2E-5D3F-4A18-9E77-2B0C4F8A1D31}.Debug|x64.ActiveCfg = Debug|x64
		{6C1B4A2E-5D3F-4A18-9E77-2B0C4F8A1D31}.Debug|x64.Build.0 = Debug|x64
		{6C1B4A2E-5D3F-4A18-9E77-2B0C4F8A1D31}.Release|x64.ActiveCfg = Release|x64
		{6C1B4A2E-5D3F-4A18-9E77-2B0C4F8A1D31}.Release|x64.Build.0 = Release|x64
		{9CCC91A3-EF5C-130A-8C1D-A127C1300F62}.Debug|x64.ActiveCfg = Debug|x64
		{9CCC91A3-EF5C-130A-8C1D-A127C1300F62}.Debug|x64.Build.0 = Debug|x64
		{9CCC91A3-EF5C-130A-8C1D-A127C1300F62}.Release|x64.ActiveCfg = Release|x64
		{9CCC91A3-EF5C-130A-8C1D-A127C1300F62}.Release|x64.Build.0 = Release|x64
		{D5DA3DC4-A351-76DB-AFBA-C05657A7ED4D}.Debug|x64.ActiveCfg = Debug|x64
		{D5DA3DC4-A351-76DB-AFBA-C05657A7ED4D}.Debug|x64.Build.0 = Debug|x64
		{D5DA3DC4-A351-76DB-AFBA-C05657A7ED4D}.Release|x64.ActiveCfg = Release|x64
		{D5DA3DC4-A351-76DB-AFBA-C05657A7ED4D}.Release|x64.Build.0 = Release|x64
		{5C99626E-F1B6-1A08-BDE8-E20EE380DF30}.Debug|x64.ActiveCfg = Debug|x64
		{5C99626E-F1B6-1A08-BDE8-E20EE380DF30}.Debug|x64.Build.0 = Debug|x64
		{5C99626E-F1B6-1A08-BDE8-E20EE380DF30}.Release|x64.ActiveCfg = Release|x64
		{5C99626E-F1B6-1A08-BDE8-E20EE380DF30}.Release|x64.Build.0 = Release|x64
		{CAA842CC-7EF0-CA4B-5FB6-DED02144F554}.Debug|x64.ActiveCfg = Debug|x64
		{CAA842CC-7EF0-CA4B-5FB6-DED02144F554}.Debug|x64.Build.0 = Debug|x64
		{CAA842CC-7EF0-CA4B-5FB6-DED02144F554}.Release|x64.ActiveCfg = Release|x64
		{CAA842CC-7EF0-CA4B-5FB6-DED02144F554}.Release|x64.Build.0 = Release|x64
		{1434130E-D2FD-44EC-BAC0-2C11DFAE714A}.Debug|x64.ActiveCfg = Debug|x64
		{1434130E-D2FD-44EC-BAC0-2C11DFAE714A}.Debug|x64.Build.0 = Debug|x64
		{1434130E-D2FD-44EC-BAC0-2C11DFAE714A}.Release|x64.ActiveCfg = Release|x64
		{1434130E-D2FD-44EC-BAC0-2C11DFAE714A}.Release|x64.Build.0 = Release|x64
		{798D12B2-F1A0-5AA0-9205-3B8F1381F5B3}.Debug|x64.ActiveCfg = Debug|x64
		{798D12B2-F1A0-5AA0-9205-3B8F1381F5B3}.Debug|x64.Build.0 = Debug|x64
		{798D12B2-F1A0-5AA0-9205-3B8F1381F5B3}.Release|x64.ActiveCfg = Release|x64
		{798D12B2-F1A0-5AA0-9205-3B8F1381F5B3}.Release|x64.Build.0 = Release|x64
		{5B4EF9A9-62E0-7732-C414-674702B01932}.Debug|x64.ActiveCfg = Debug|x64
		{5B4EF9A9-62E0-7732-C414-674702B01932}.Debug|x64.Build.0 = Debug|x64
		{5B4EF9A9-62E0-7732-C414-674702B01932}.Release|x64.ActiveCfg = Release|x64
		{5B4EF9A9-62E0-7732-C414-674702B01932}.Release|x64.Build.0 = Release|x64
		{08BE728A-FAFA-293F-A679-72F80B983AD1}.Debug|x64.ActiveCfg = Debug|x64
		{08BE728A-FAFA-293F-A679-72F80B983AD1}.Debug|x64.Build.0 = Debug|x64
		{08BE728A-FAFA-293F-A679-72F80B983AD1}.Release|x64.ActiveCfg = Release|x64
		{08BE728A-FAFA-293F-A679-72F80B983AD1}.Release|x64.Build.0 = Release|x64
		{5BC0DB40-BD9A-72C2-1130-8E762F9DB1F7}.Debug|x64.ActiveCfg = Debug|x64
		{5BC0DB40-BD9A-72C2-1130-8E762F9DB1F7}.Debug|x64.Build.0 = Debug|x64
		{5BC0DB40-BD9A-72C2-1130-8E762F9DB1F7}.Release|x64.ActiveCfg = Release|x64
		{5BC0DB40-BD9A-72C2-1130-8E762F9DB1F7}.Release|x64.Build.0 = Release|x64
		{A4FC64B4-14A5-3103-5CD2-A17F9F320FE2}.Debug|x64.ActiveCfg = Debug|x64
		{A4FC64B4-14A5-3103-5CD2-A17F9F320FE2}.Debug|x64.Build.0 = Debug|x64
		{A4FC64B4-14A5-3103-5CD2-A17F9F320FE2}.Release|x64.ActiveCfg = Release|x64
		{A4FC64B4-14A5-3103-5CD2-A17F9F320FE2}.Release|x64.Build.0 = Release|x64
		{2FF23966-297C-F635-8A5A-7FDC5EBFEE4B}.Debug|x64.ActiveCfg = Debug|x64
		{2FF23966-297C-F635-8A5A-7FDC5EBFEE4B}.Debug|x64.Build.0 = Debug|x64
		{2FF23966-297C-F635-8A5A-7FDC5EBFEE4B}.Release|x64.ActiveCfg = Release|x64
		{2FF23966-297C-F635-8A5A-7FDC5EBFEE4B}.Release|x64.Build.0 = Release|x64
		{8F4C2E61-9A73-4B5D-B2E8-6C1A0D3F7B94}.Debug|x64.ActiveCfg = Debug|x64
		{8F4C2E61-9A73-4B5D-B2E8-6C1A0D3F7B94}.Debug|x64.Build.0 = Debug|x64
		{8F4C2E61-9A73-4B5D-B2E8-6C1A0D3F7B94}.Release|x64.ActiveCfg = Release|x64
		{8F4C2E61-9A73-4B5D-B2E8-6C1A0D3F7B94}.Release|x64.Build.0 = Release|x64
		{7F7EF632-C224-BFF8-E2C5-AD7B78FD463E}.Debug|x64.ActiveCfg = Debug
		{7F7EF632-C224-BFF8-E2C5-AD7B78FD463E}.Release|x64.ActiveCfg = Release
	EndGlobalSection
	GlobalSection(SolutionProperties) = preSolution
		HideSolutionNode = FALSE
	EndGlobalSection
EndGlobal
