// !$*UTF8*$!
{
	archiveVersion = 1;
	classes = {
	};
	objectVersion = 56;
	objects = {

/* Begin PBXBuildFile section */
		EA60D85EB249DBF0F4C12B9D /* main.mm in Sources */ = {isa = PBXBuildFile; fileRef = D976293658370BA71FC385C8 /* main.mm */; };
		365E448AF6D80E09CABD920E /* WindowController.mm in Sources */ = {isa = PBXBuildFile; fileRef = 023B8C49D3D79643C50D5E2B /* WindowController.mm */; };
		CB7D97F13BCD4A7DFEAC8BE7 /* CodeView.mm in Sources */ = {isa = PBXBuildFile; fileRef = 2B400ED8DC419287B215A667 /* CodeView.mm */; };
		23E2947451B88B94DAD89E68 /* LineNumbers.mm in Sources */ = {isa = PBXBuildFile; fileRef = 850748EB78AB5F0CE7FAC427 /* LineNumbers.mm */; };
		75DC696AB16F2197FAAF37EB /* buffer.cpp in Sources */ = {isa = PBXBuildFile; fileRef = E3E45ECBFDB8B89FADC482A9 /* buffer.cpp */; };
		BACAAF3895B03DA66740CD89 /* compile.cpp in Sources */ = {isa = PBXBuildFile; fileRef = EACAA131FCE95FE5A1C885C7 /* compile.cpp */; };
		1C9D334833FBDE1BB71CEA19 /* convert.cpp in Sources */ = {isa = PBXBuildFile; fileRef = 1BE3D267433209226A4694C3 /* convert.cpp */; };
		7D7861BEDB958DF646F90523 /* indent.cpp in Sources */ = {isa = PBXBuildFile; fileRef = 0658E3205A5858F92EFBD8E4 /* indent.cpp */; };
		461E20BFE1AFBE3B799002A0 /* syntax.cpp in Sources */ = {isa = PBXBuildFile; fileRef = 05398F7422AE1A0DA50F5AAE /* syntax.cpp */; };
		5A4B7FAC2CCFE85076BC5D93 /* toolchain.cpp in Sources */ = {isa = PBXBuildFile; fileRef = 271A6EE4C33A8C4DA1018DDB /* toolchain.cpp */; };
		54F9AF51753E988B2D6FADC3 /* json.cpp in Sources */ = {isa = PBXBuildFile; fileRef = 99711079FFBAFFE9297A8528 /* json.cpp */; };
		560B67321D95007B0214738D /* project.cpp in Sources */ = {isa = PBXBuildFile; fileRef = 6757377C779B2FC8A5A5FE8B /* project.cpp */; };
		37855F42484F87765456100C /* find.cpp in Sources */ = {isa = PBXBuildFile; fileRef = 5E777A5D8BC098C47557B20C /* find.cpp */; };
		796A8C94344FE6A99D86A642 /* utf8.cpp in Sources */ = {isa = PBXBuildFile; fileRef = B15D78CF85809BC238D1FE64 /* utf8.cpp */; };
		EC97CD236CC5B63857ABFC02 /* workspace.cpp in Sources */ = {isa = PBXBuildFile; fileRef = 4CC18D32B9F75BDC9ABC16D5 /* workspace.cpp */; };
		3A1C549EF5DE59244F740936 /* symbols.cpp in Sources */ = {isa = PBXBuildFile; fileRef = 240C82FB3465390ED9D86259 /* symbols.cpp */; };
		FDC24C7D93643B369BBF7969 /* demangle_win.cpp in Sources */ = {isa = PBXBuildFile; fileRef = AC992A4BA53CD4CF66315B7E /* demangle_win.cpp */; };
		DC816105A655A6EAEEE14F5A /* path.cpp in Sources */ = {isa = PBXBuildFile; fileRef = F6B9A0AE254CC971AD997551 /* path.cpp */; };
		A08C3F3E10AA938EFD4B96A7 /* process.cpp in Sources */ = {isa = PBXBuildFile; fileRef = 1B3F27F20DFF0F38A0980EFB /* process.cpp */; };
		D02C3B8D2773734C094887CF /* debugger.cpp in Sources */ = {isa = PBXBuildFile; fileRef = 95980CE5F7CDAFC5817324B7 /* debugger.cpp */; };
		A14BC55EADA33B5AD7400CFF /* settings.cpp in Sources */ = {isa = PBXBuildFile; fileRef = 3E0080087BC1460F66AF910A /* settings.cpp */; };
		1DD7A4E1D6ED022D516B8343 /* options.cpp in Sources */ = {isa = PBXBuildFile; fileRef = 5ACCE61EDF45C2CBF4C75B98 /* options.cpp */; };
		7569C83B02CD43F1D6CF779C /* about.cpp in Sources */ = {isa = PBXBuildFile; fileRef = 3AA0DCBCBD28BDD17CE4B762 /* about.cpp */; };
		2A623B64F21FC5CF618D6E9A /* ccsproject.cpp in Sources */ = {isa = PBXBuildFile; fileRef = E1049745E08E5CD9A09083C3 /* ccsproject.cpp */; };
		C6793654D5304DBB1C5212C9 /* ccsoptions.cpp in Sources */ = {isa = PBXBuildFile; fileRef = 817A73279C46E2F67BF41496 /* ccsoptions.cpp */; };
		763B16418BD01FA3E462650C /* ccsxml.cpp in Sources */ = {isa = PBXBuildFile; fileRef = DC36FBFD733031A0993BAAD1 /* ccsxml.cpp */; };
		83ACF32D4DEE929C2C31F2CE /* channel.cpp in Sources */ = {isa = PBXBuildFile; fileRef = 93AE13615387F689377864EB /* channel.cpp */; };
		DB18F031C6B0E086C313D7B9 /* session.cpp in Sources */ = {isa = PBXBuildFile; fileRef = 918EEAF9AA1BE04310008519 /* session.cpp */; };
		E1508A0CE98C207EE9D93680 /* bridge.cpp in Sources */ = {isa = PBXBuildFile; fileRef = F80F66892DBDBEFEE6E25237 /* bridge.cpp */; };
		F0893EA8793CB705303AAEEE /* Cocoa.framework in Frameworks */ = {isa = PBXBuildFile; fileRef = 304C0F14AE041EB93553B239 /* Cocoa.framework */; };
/* End PBXBuildFile section */

/* Begin PBXFileReference section */
		D976293658370BA71FC385C8 /* main.mm */ = {isa = PBXFileReference; lastKnownFileType = sourcecode.cpp.objcpp; name = main.mm; path = "main.mm"; sourceTree = "<group>"; };
		023B8C49D3D79643C50D5E2B /* WindowController.mm */ = {isa = PBXFileReference; lastKnownFileType = sourcecode.cpp.objcpp; name = WindowController.mm; path = "WindowController.mm"; sourceTree = "<group>"; };
		2B400ED8DC419287B215A667 /* CodeView.mm */ = {isa = PBXFileReference; lastKnownFileType = sourcecode.cpp.objcpp; name = CodeView.mm; path = "CodeView.mm"; sourceTree = "<group>"; };
		850748EB78AB5F0CE7FAC427 /* LineNumbers.mm */ = {isa = PBXFileReference; lastKnownFileType = sourcecode.cpp.objcpp; name = LineNumbers.mm; path = "LineNumbers.mm"; sourceTree = "<group>"; };
		2642D28E5F2931AD1A1360FA /* CodeView.h */ = {isa = PBXFileReference; lastKnownFileType = sourcecode.c.h; name = CodeView.h; path = "CodeView.h"; sourceTree = "<group>"; };
		D5097931C2B0DF9F5AF1347A /* LineNumbers.h */ = {isa = PBXFileReference; lastKnownFileType = sourcecode.c.h; name = LineNumbers.h; path = "LineNumbers.h"; sourceTree = "<group>"; };
		102AF3A1B70138291FF0793E /* Text.h */ = {isa = PBXFileReference; lastKnownFileType = sourcecode.c.h; name = Text.h; path = "Text.h"; sourceTree = "<group>"; };
		31EDA312ACEEB80B8FE177FF /* WindowController.h */ = {isa = PBXFileReference; lastKnownFileType = sourcecode.c.h; name = WindowController.h; path = "WindowController.h"; sourceTree = "<group>"; };
		26858F66DF8624867574B286 /* Info.plist */ = {isa = PBXFileReference; lastKnownFileType = text.plist.xml; name = Info.plist; path = "Info.plist"; sourceTree = "<group>"; };
		E3E45ECBFDB8B89FADC482A9 /* buffer.cpp */ = {isa = PBXFileReference; lastKnownFileType = sourcecode.cpp.cpp; name = buffer.cpp; path = "../src/buffer.cpp"; sourceTree = "<group>"; };
		EACAA131FCE95FE5A1C885C7 /* compile.cpp */ = {isa = PBXFileReference; lastKnownFileType = sourcecode.cpp.cpp; name = compile.cpp; path = "../src/compile.cpp"; sourceTree = "<group>"; };
		1BE3D267433209226A4694C3 /* convert.cpp */ = {isa = PBXFileReference; lastKnownFileType = sourcecode.cpp.cpp; name = convert.cpp; path = "../src/convert.cpp"; sourceTree = "<group>"; };
		0658E3205A5858F92EFBD8E4 /* indent.cpp */ = {isa = PBXFileReference; lastKnownFileType = sourcecode.cpp.cpp; name = indent.cpp; path = "../src/indent.cpp"; sourceTree = "<group>"; };
		05398F7422AE1A0DA50F5AAE /* syntax.cpp */ = {isa = PBXFileReference; lastKnownFileType = sourcecode.cpp.cpp; name = syntax.cpp; path = "../src/syntax.cpp"; sourceTree = "<group>"; };
		271A6EE4C33A8C4DA1018DDB /* toolchain.cpp */ = {isa = PBXFileReference; lastKnownFileType = sourcecode.cpp.cpp; name = toolchain.cpp; path = "../src/toolchain.cpp"; sourceTree = "<group>"; };
		99711079FFBAFFE9297A8528 /* json.cpp */ = {isa = PBXFileReference; lastKnownFileType = sourcecode.cpp.cpp; name = json.cpp; path = "../src/json.cpp"; sourceTree = "<group>"; };
		6757377C779B2FC8A5A5FE8B /* project.cpp */ = {isa = PBXFileReference; lastKnownFileType = sourcecode.cpp.cpp; name = project.cpp; path = "../src/project.cpp"; sourceTree = "<group>"; };
		5E777A5D8BC098C47557B20C /* find.cpp */ = {isa = PBXFileReference; lastKnownFileType = sourcecode.cpp.cpp; name = find.cpp; path = "../src/find.cpp"; sourceTree = "<group>"; };
		B15D78CF85809BC238D1FE64 /* utf8.cpp */ = {isa = PBXFileReference; lastKnownFileType = sourcecode.cpp.cpp; name = utf8.cpp; path = "../src/utf8.cpp"; sourceTree = "<group>"; };
		4CC18D32B9F75BDC9ABC16D5 /* workspace.cpp */ = {isa = PBXFileReference; lastKnownFileType = sourcecode.cpp.cpp; name = workspace.cpp; path = "../src/workspace.cpp"; sourceTree = "<group>"; };
		240C82FB3465390ED9D86259 /* symbols.cpp */ = {isa = PBXFileReference; lastKnownFileType = sourcecode.cpp.cpp; name = symbols.cpp; path = "../src/symbols.cpp"; sourceTree = "<group>"; };
		AC992A4BA53CD4CF66315B7E /* demangle_win.cpp */ = {isa = PBXFileReference; lastKnownFileType = sourcecode.cpp.cpp; name = demangle_win.cpp; path = "../src/demangle_win.cpp"; sourceTree = "<group>"; };
		F6B9A0AE254CC971AD997551 /* path.cpp */ = {isa = PBXFileReference; lastKnownFileType = sourcecode.cpp.cpp; name = path.cpp; path = "../src/path.cpp"; sourceTree = "<group>"; };
		1B3F27F20DFF0F38A0980EFB /* process.cpp */ = {isa = PBXFileReference; lastKnownFileType = sourcecode.cpp.cpp; name = process.cpp; path = "../src/process.cpp"; sourceTree = "<group>"; };
		95980CE5F7CDAFC5817324B7 /* debugger.cpp */ = {isa = PBXFileReference; lastKnownFileType = sourcecode.cpp.cpp; name = debugger.cpp; path = "../src/debugger.cpp"; sourceTree = "<group>"; };
		3E0080087BC1460F66AF910A /* settings.cpp */ = {isa = PBXFileReference; lastKnownFileType = sourcecode.cpp.cpp; name = settings.cpp; path = "../src/settings.cpp"; sourceTree = "<group>"; };
		5ACCE61EDF45C2CBF4C75B98 /* options.cpp */ = {isa = PBXFileReference; lastKnownFileType = sourcecode.cpp.cpp; name = options.cpp; path = "../src/options.cpp"; sourceTree = "<group>"; };
		3AA0DCBCBD28BDD17CE4B762 /* about.cpp */ = {isa = PBXFileReference; lastKnownFileType = sourcecode.cpp.cpp; name = about.cpp; path = "../src/about.cpp"; sourceTree = "<group>"; };
		E1049745E08E5CD9A09083C3 /* ccsproject.cpp */ = {isa = PBXFileReference; lastKnownFileType = sourcecode.cpp.cpp; name = ccsproject.cpp; path = "../src/ccs/ccsproject.cpp"; sourceTree = "<group>"; };
		817A73279C46E2F67BF41496 /* ccsoptions.cpp */ = {isa = PBXFileReference; lastKnownFileType = sourcecode.cpp.cpp; name = ccsoptions.cpp; path = "../src/ccs/ccsoptions.cpp"; sourceTree = "<group>"; };
		DC36FBFD733031A0993BAAD1 /* ccsxml.cpp */ = {isa = PBXFileReference; lastKnownFileType = sourcecode.cpp.cpp; name = ccsxml.cpp; path = "../src/ccs/ccsxml.cpp"; sourceTree = "<group>"; };
		93AE13615387F689377864EB /* channel.cpp */ = {isa = PBXFileReference; lastKnownFileType = sourcecode.cpp.cpp; name = channel.cpp; path = "../src/shalimar/channel.cpp"; sourceTree = "<group>"; };
		918EEAF9AA1BE04310008519 /* session.cpp */ = {isa = PBXFileReference; lastKnownFileType = sourcecode.cpp.cpp; name = session.cpp; path = "../src/shalimar/session.cpp"; sourceTree = "<group>"; };
		F80F66892DBDBEFEE6E25237 /* bridge.cpp */ = {isa = PBXFileReference; lastKnownFileType = sourcecode.cpp.cpp; name = bridge.cpp; path = "../winforms/bridge.cpp"; sourceTree = "<group>"; };
		F5BF48AA40CAD7891EB709FC /* RIDE.app */ = {isa = PBXFileReference; explicitFileType = wrapper.application; includeInIndex = 0; path = RIDE.app; sourceTree = BUILT_PRODUCTS_DIR; };
		304C0F14AE041EB93553B239 /* Cocoa.framework */ = {isa = PBXFileReference; lastKnownFileType = wrapper.framework; name = Cocoa.framework; path = System/Library/Frameworks/Cocoa.framework; sourceTree = SDKROOT; };
/* End PBXFileReference section */

/* Begin PBXFrameworksBuildPhase section */
		C18F88D444D8FE65E18D39E9 /* Frameworks */ = {
			isa = PBXFrameworksBuildPhase;
			buildActionMask = 2147483647;
			files = (
				F0893EA8793CB705303AAEEE /* Cocoa.framework in Frameworks */,
			);
			runOnlyForDeploymentPostprocessing = 0;
		};
/* End PBXFrameworksBuildPhase section */

/* Begin PBXGroup section */
		4EAE695AD1F489F78EA3E1C6 = {
			isa = PBXGroup;
			children = (
				ED318EFC679EFA63E142908B /* Window */,
				647E7164A06FF71518326D10 /* Core */,
				5A559843A90E30B141C300FB /* Frameworks */,
				1D5F545FBA1B7116946BB4C6 /* Products */,
			);
			sourceTree = "<group>";
		};
		ED318EFC679EFA63E142908B /* Window */ = {
			isa = PBXGroup;
			children = (
				D976293658370BA71FC385C8 /* main.mm */,
				023B8C49D3D79643C50D5E2B /* WindowController.mm */,
				2B400ED8DC419287B215A667 /* CodeView.mm */,
				850748EB78AB5F0CE7FAC427 /* LineNumbers.mm */,
				2642D28E5F2931AD1A1360FA /* CodeView.h */,
				D5097931C2B0DF9F5AF1347A /* LineNumbers.h */,
				102AF3A1B70138291FF0793E /* Text.h */,
				31EDA312ACEEB80B8FE177FF /* WindowController.h */,
				26858F66DF8624867574B286 /* Info.plist */,
			);
			name = Window;
			sourceTree = "<group>";
		};
		647E7164A06FF71518326D10 /* Core */ = {
			isa = PBXGroup;
			children = (
				E3E45ECBFDB8B89FADC482A9 /* buffer.cpp */,
				EACAA131FCE95FE5A1C885C7 /* compile.cpp */,
				1BE3D267433209226A4694C3 /* convert.cpp */,
				0658E3205A5858F92EFBD8E4 /* indent.cpp */,
				05398F7422AE1A0DA50F5AAE /* syntax.cpp */,
				271A6EE4C33A8C4DA1018DDB /* toolchain.cpp */,
				99711079FFBAFFE9297A8528 /* json.cpp */,
				6757377C779B2FC8A5A5FE8B /* project.cpp */,
				5E777A5D8BC098C47557B20C /* find.cpp */,
				B15D78CF85809BC238D1FE64 /* utf8.cpp */,
				4CC18D32B9F75BDC9ABC16D5 /* workspace.cpp */,
				240C82FB3465390ED9D86259 /* symbols.cpp */,
				AC992A4BA53CD4CF66315B7E /* demangle_win.cpp */,
				F6B9A0AE254CC971AD997551 /* path.cpp */,
				1B3F27F20DFF0F38A0980EFB /* process.cpp */,
				95980CE5F7CDAFC5817324B7 /* debugger.cpp */,
				3E0080087BC1460F66AF910A /* settings.cpp */,
				5ACCE61EDF45C2CBF4C75B98 /* options.cpp */,
				3AA0DCBCBD28BDD17CE4B762 /* about.cpp */,
				E1049745E08E5CD9A09083C3 /* ccsproject.cpp */,
				817A73279C46E2F67BF41496 /* ccsoptions.cpp */,
				DC36FBFD733031A0993BAAD1 /* ccsxml.cpp */,
				93AE13615387F689377864EB /* channel.cpp */,
				918EEAF9AA1BE04310008519 /* session.cpp */,
				F80F66892DBDBEFEE6E25237 /* bridge.cpp */,
			);
			name = Core;
			sourceTree = "<group>";
		};
		5A559843A90E30B141C300FB /* Frameworks */ = {
			isa = PBXGroup;
			children = (
				304C0F14AE041EB93553B239 /* Cocoa.framework */,
			);
			name = Frameworks;
			sourceTree = "<group>";
		};
		1D5F545FBA1B7116946BB4C6 /* Products */ = {
			isa = PBXGroup;
			children = (
				F5BF48AA40CAD7891EB709FC /* RIDE.app */,
			);
			name = Products;
			sourceTree = "<group>";
		};
/* End PBXGroup section */

/* Begin PBXNativeTarget section */
		42AEFBAE01D2DFD981F7DA7D /* RIDE */ = {
			isa = PBXNativeTarget;
			buildConfigurationList = FF064009BFBAE8E986428C4F;
			buildPhases = (
				C4D5163706E5908DC9E032F3 /* Sources */,
				C18F88D444D8FE65E18D39E9 /* Frameworks */,
				4FDAD6DB49035FA75C21467D /* Resources */,
				9BD99E508B57475CE0D74FDF /* Dock the compilers and the manual */,
			);
			buildRules = (
			);
			dependencies = (
			);
			name = RIDE;
			productName = RIDE;
			productReference = F5BF48AA40CAD7891EB709FC /* RIDE.app */;
			productType = "com.apple.product-type.application";
		};
/* End PBXNativeTarget section */

/* Begin PBXProject section */
		46F86FAA6BBF9AC94A7E4595 /* Project object */ = {
			isa = PBXProject;
			attributes = {
				BuildIndependentTargetsInParallel = 1;
				LastUpgradeCheck = 1600;
			};
			buildConfigurationList = A1806D8FE767B99D399E13F3;
			compatibilityVersion = "Xcode 14.0";
			developmentRegion = en;
			hasScannedForEncodings = 0;
			knownRegions = (
				en,
				Base,
			);
			mainGroup = 4EAE695AD1F489F78EA3E1C6;
			productRefGroup = 1D5F545FBA1B7116946BB4C6 /* Products */;
			projectDirPath = "";
			projectRoot = "";
			targets = (
				42AEFBAE01D2DFD981F7DA7D /* RIDE */,
			);
		};
/* End PBXProject section */

/* Begin PBXResourcesBuildPhase section */
		4FDAD6DB49035FA75C21467D /* Resources */ = {
			isa = PBXResourcesBuildPhase;
			buildActionMask = 2147483647;
			files = (
			);
			runOnlyForDeploymentPostprocessing = 0;
		};
/* End PBXResourcesBuildPhase section */

/* Begin PBXShellScriptBuildPhase section */
		9BD99E508B57475CE0D74FDF /* Dock the compilers and the manual */ = {
			isa = PBXShellScriptBuildPhase;
			buildActionMask = 2147483647;
			files = (
			);
			inputPaths = (
			);
			name = "Dock the compilers and the manual";
			outputPaths = (
			);
			alwaysOutOfDate = 1;
			runOnlyForDeploymentPostprocessing = 0;
			shellPath = /bin/sh;
			shellScript = "set -e\ndest=\"$TARGET_BUILD_DIR/$EXECUTABLE_FOLDER_PATH\"\nfor tool in \"$SRCROOT\"/../bin/*.exe; do [ -f \"$tool\" ] || continue; case \"$tool\" in */RIDE.exe) continue;; esac; cp -p \"$tool\" \"$dest/\"; done\nres=\"$TARGET_BUILD_DIR/$UNLOCALIZED_RESOURCES_FOLDER_PATH\"; mkdir -p \"$res\"\nif [ -d \"$SRCROOT/../bin/lib\" ]; then rm -rf \"$dest/lib\" \"$res/lib\"; cp -Rp \"$SRCROOT/../bin/lib\" \"$res/lib\"; ln -s ../Resources/lib \"$dest/lib\"; fi\nres=\"$TARGET_BUILD_DIR/$UNLOCALIZED_RESOURCES_FOLDER_PATH\"\nmkdir -p \"$res\" && rm -rf \"$res/help\" && cp -R \"$SRCROOT/../help\" \"$res/help\"\n# The sample projects and programs, copied into ~/Documents/RIDE on first use.\ncp \"$SRCROOT/RIDE.icns\" \"$res/RIDE.icns\"\nfor d in projects programs; do rm -rf \"$res/$d\"; cp -R \"$SRCROOT/../$d\" \"$res/$d\"; done\n# Re-signed here too: when only ../bin changed, Xcode skips its own CodeSign.\nif [ \"$CODE_SIGNING_ALLOWED\" = YES ]; then xattr -cr \"$TARGET_BUILD_DIR/$WRAPPER_NAME\"; codesign --force --deep --sign \"${EXPANDED_CODE_SIGN_IDENTITY:--}\" \"$TARGET_BUILD_DIR/$WRAPPER_NAME\"; fi\n";
		};
/* End PBXShellScriptBuildPhase section */

/* Begin PBXSourcesBuildPhase section */
		C4D5163706E5908DC9E032F3 /* Sources */ = {
			isa = PBXSourcesBuildPhase;
			buildActionMask = 2147483647;
			files = (
				EA60D85EB249DBF0F4C12B9D /* main.mm in Sources */,
				365E448AF6D80E09CABD920E /* WindowController.mm in Sources */,
				CB7D97F13BCD4A7DFEAC8BE7 /* CodeView.mm in Sources */,
				23E2947451B88B94DAD89E68 /* LineNumbers.mm in Sources */,
				75DC696AB16F2197FAAF37EB /* buffer.cpp in Sources */,
				BACAAF3895B03DA66740CD89 /* compile.cpp in Sources */,
				1C9D334833FBDE1BB71CEA19 /* convert.cpp in Sources */,
				7D7861BEDB958DF646F90523 /* indent.cpp in Sources */,
				461E20BFE1AFBE3B799002A0 /* syntax.cpp in Sources */,
				5A4B7FAC2CCFE85076BC5D93 /* toolchain.cpp in Sources */,
				54F9AF51753E988B2D6FADC3 /* json.cpp in Sources */,
				560B67321D95007B0214738D /* project.cpp in Sources */,
				37855F42484F87765456100C /* find.cpp in Sources */,
				796A8C94344FE6A99D86A642 /* utf8.cpp in Sources */,
				EC97CD236CC5B63857ABFC02 /* workspace.cpp in Sources */,
				3A1C549EF5DE59244F740936 /* symbols.cpp in Sources */,
				FDC24C7D93643B369BBF7969 /* demangle_win.cpp in Sources */,
				DC816105A655A6EAEEE14F5A /* path.cpp in Sources */,
				A08C3F3E10AA938EFD4B96A7 /* process.cpp in Sources */,
				D02C3B8D2773734C094887CF /* debugger.cpp in Sources */,
				A14BC55EADA33B5AD7400CFF /* settings.cpp in Sources */,
				1DD7A4E1D6ED022D516B8343 /* options.cpp in Sources */,
				7569C83B02CD43F1D6CF779C /* about.cpp in Sources */,
				2A623B64F21FC5CF618D6E9A /* ccsproject.cpp in Sources */,
				C6793654D5304DBB1C5212C9 /* ccsoptions.cpp in Sources */,
				763B16418BD01FA3E462650C /* ccsxml.cpp in Sources */,
				83ACF32D4DEE929C2C31F2CE /* channel.cpp in Sources */,
				DB18F031C6B0E086C313D7B9 /* session.cpp in Sources */,
				E1508A0CE98C207EE9D93680 /* bridge.cpp in Sources */,
			);
			runOnlyForDeploymentPostprocessing = 0;
		};
/* End PBXSourcesBuildPhase section */

/* Begin XCBuildConfiguration section */
		D48F58F8CA231B2301441318 /* Debug */ = {
			isa = XCBuildConfiguration;
			buildSettings = {
				ALWAYS_SEARCH_USER_PATHS = NO;
				CLANG_CXX_LANGUAGE_STANDARD = "c++14";
				CLANG_ENABLE_OBJC_ARC = YES;
				DEBUG_INFORMATION_FORMAT = dwarf;
				GCC_OPTIMIZATION_LEVEL = 0;
				GCC_PREPROCESSOR_DEFINITIONS = (
					"DEBUG=1",
				);
				GCC_TREAT_WARNINGS_AS_ERRORS = YES;
				GCC_WARN_UNUSED_VARIABLE = YES;
				HEADER_SEARCH_PATHS = (
					"$(SRCROOT)/../src",
					"$(SRCROOT)/../winforms",
				);
				MACOSX_DEPLOYMENT_TARGET = 12.0;
				ONLY_ACTIVE_ARCH = YES;
				SDKROOT = macosx;
				WARNING_CFLAGS = (
					"-Wall",
					"-Wextra",
				);
			};
			name = Debug;
		};
		6AFE22E70BE079CBB63426F8 /* Release */ = {
			isa = XCBuildConfiguration;
			buildSettings = {
				ALWAYS_SEARCH_USER_PATHS = NO;
				CLANG_CXX_LANGUAGE_STANDARD = "c++14";
				CLANG_ENABLE_OBJC_ARC = YES;
				DEBUG_INFORMATION_FORMAT = "dwarf-with-dsym";
				GCC_OPTIMIZATION_LEVEL = 2;
				GCC_TREAT_WARNINGS_AS_ERRORS = YES;
				GCC_WARN_UNUSED_VARIABLE = YES;
				HEADER_SEARCH_PATHS = (
					"$(SRCROOT)/../src",
					"$(SRCROOT)/../winforms",
				);
				MACOSX_DEPLOYMENT_TARGET = 12.0;
				SDKROOT = macosx;
				WARNING_CFLAGS = (
					"-Wall",
					"-Wextra",
				);
			};
			name = Release;
		};
		41EC14BFA61A85B336E4F999 /* Debug */ = {
			isa = XCBuildConfiguration;
			buildSettings = {
				CODE_SIGN_IDENTITY = "-";
				CODE_SIGN_STYLE = Manual;
				COMBINE_HIDPI_IMAGES = YES;
				ENABLE_HARDENED_RUNTIME = NO;
				INFOPLIST_FILE = Info.plist;
				PRODUCT_BUNDLE_IDENTIFIER = com.ghulamrs.ride47;
				PRODUCT_NAME = RIDE;
			};
			name = Debug;
		};
		8668ED08E8535986A57FA16B /* Release */ = {
			isa = XCBuildConfiguration;
			buildSettings = {
				CODE_SIGN_IDENTITY = "-";
				CODE_SIGN_STYLE = Manual;
				COMBINE_HIDPI_IMAGES = YES;
				ENABLE_HARDENED_RUNTIME = NO;
				INFOPLIST_FILE = Info.plist;
				PRODUCT_BUNDLE_IDENTIFIER = com.ghulamrs.ride47;
				PRODUCT_NAME = RIDE;
			};
			name = Release;
		};
/* End XCBuildConfiguration section */

/* Begin XCConfigurationList section */
		A1806D8FE767B99D399E13F3 = {
			isa = XCConfigurationList;
			buildConfigurations = (
				D48F58F8CA231B2301441318 /* Debug */,
				6AFE22E70BE079CBB63426F8 /* Release */,
			);
			defaultConfigurationIsVisible = 0;
			defaultConfigurationName = Release;
		};
		FF064009BFBAE8E986428C4F = {
			isa = XCConfigurationList;
			buildConfigurations = (
				41EC14BFA61A85B336E4F999 /* Debug */,
				8668ED08E8535986A57FA16B /* Release */,
			);
			defaultConfigurationIsVisible = 0;
			defaultConfigurationName = Release;
		};
/* End XCConfigurationList section */
	};
	rootObject = 46F86FAA6BBF9AC94A7E4595 /* Project object */;
}
