// !$*UTF8*$!
{
	archiveVersion = 1;
	classes = {
	};
	objectVersion = 56;
	objects = {

/* Begin PBXBuildFile section */
		C45721AA0A8F9B747607FAAF /* src/about.cpp in Sources */ = {isa = PBXBuildFile; fileRef = 53A999C42C9671A019D8A765 /* src/about.cpp */; };
		3759E1DE49A5A047B1FD92F6 /* src/buffer.cpp in Sources */ = {isa = PBXBuildFile; fileRef = 8C00B5B59F5572B6B53CE399 /* src/buffer.cpp */; };
		E23EED208E56D37CAE53DC5A /* src/ccs/ccsoptions.cpp in Sources */ = {isa = PBXBuildFile; fileRef = 42C2524950308952518DA92E /* src/ccs/ccsoptions.cpp */; };
		E367EC7379091671D941A164 /* src/ccs/ccsproject.cpp in Sources */ = {isa = PBXBuildFile; fileRef = 5905159552EC19757AF47EC4 /* src/ccs/ccsproject.cpp */; };
		4EDADC6836ED15E99CBA3C90 /* src/ccs/ccsworkspace.cpp in Sources */ = {isa = PBXBuildFile; fileRef = E61DC0BE22FD14857E1434ED /* src/ccs/ccsworkspace.cpp */; };
		49451D0141C057A13FE859A0 /* src/ccs/ccsxml.cpp in Sources */ = {isa = PBXBuildFile; fileRef = 8DF7773F5AE10F2061C0933B /* src/ccs/ccsxml.cpp */; };
		3D912BE475A22DD3A6039374 /* src/compile.cpp in Sources */ = {isa = PBXBuildFile; fileRef = EA4CCB1DFB2AECDB0402CF58 /* src/compile.cpp */; };
		319EBB26E9A9D41EF297C51C /* src/convert.cpp in Sources */ = {isa = PBXBuildFile; fileRef = 2F522DD9C4F2C1158C6C8EA4 /* src/convert.cpp */; };
		219518665EABAB5920FEDA40 /* src/debugger.cpp in Sources */ = {isa = PBXBuildFile; fileRef = 1A539DA37C7D0ED8101CDB5F /* src/debugger.cpp */; };
		47CDCED66421F0502C09B6CF /* src/demangle_win.cpp in Sources */ = {isa = PBXBuildFile; fileRef = 67F74D0DB4FDEA9DDC9E09D4 /* src/demangle_win.cpp */; };
		96FEE82F330CD26476D83BD6 /* src/editor.cpp in Sources */ = {isa = PBXBuildFile; fileRef = C6B12E11C353573C1F7E3683 /* src/editor.cpp */; };
		2744B4F10452E4C7B39EDF5C /* src/find.cpp in Sources */ = {isa = PBXBuildFile; fileRef = 05EBAC0C7F3A0A9AD2CCCF4F /* src/find.cpp */; };
		60BF7F690A61919C4BAEBBF8 /* src/help.cpp in Sources */ = {isa = PBXBuildFile; fileRef = 0A0C700F827A4627634A53C5 /* src/help.cpp */; };
		BBEB12E2EB2FD02614C3A817 /* src/indent.cpp in Sources */ = {isa = PBXBuildFile; fileRef = AE97944DB87D188A6AD978FA /* src/indent.cpp */; };
		6A57A483F9540EF9246A960E /* src/json.cpp in Sources */ = {isa = PBXBuildFile; fileRef = E1E1DD41B88D6BF2F440B5FC /* src/json.cpp */; };
		9E15F4B59E4BBC3E4AD2F1E7 /* src/main.cpp in Sources */ = {isa = PBXBuildFile; fileRef = 8A31723E5075794E4AF1D2A4 /* src/main.cpp */; };
		8E3CBD78070B828F024B9D5D /* src/menu.cpp in Sources */ = {isa = PBXBuildFile; fileRef = B018E6B2583F91DE614639CF /* src/menu.cpp */; };
		4AFA48DB144293C2907D0352 /* src/options.cpp in Sources */ = {isa = PBXBuildFile; fileRef = 395825C6E515B3A45327B338 /* src/options.cpp */; };
		BA0190A9CEE093E268463B39 /* src/path.cpp in Sources */ = {isa = PBXBuildFile; fileRef = 91B8CD3038616B323202FF10 /* src/path.cpp */; };
		557E7A7074A432B3AC0A3911 /* src/process.cpp in Sources */ = {isa = PBXBuildFile; fileRef = A457EC271F005C17EB5DF796 /* src/process.cpp */; };
		A36513F8FAD50E90AC4B8F28 /* src/project.cpp in Sources */ = {isa = PBXBuildFile; fileRef = C55DF343937ADE51AF0B5629 /* src/project.cpp */; };
		E5A75D275726500CC3193782 /* src/settings.cpp in Sources */ = {isa = PBXBuildFile; fileRef = 86C25137E1F00325F728E56A /* src/settings.cpp */; };
		1441F2535BCDC950D8C1C89C /* src/shalimar/channel.cpp in Sources */ = {isa = PBXBuildFile; fileRef = F5A0D5518B42BCB7562414DA /* src/shalimar/channel.cpp */; };
		66CE108DCD82940B533C6987 /* src/shalimar/session.cpp in Sources */ = {isa = PBXBuildFile; fileRef = 70EDE89DC613FB03CA1195A3 /* src/shalimar/session.cpp */; };
		02C5CC7DDC2F07EAA47A6C8A /* src/symbols.cpp in Sources */ = {isa = PBXBuildFile; fileRef = 6DA566272E18FC99539F5063 /* src/symbols.cpp */; };
		93C57B27876ABF90F2EF8112 /* src/syntax.cpp in Sources */ = {isa = PBXBuildFile; fileRef = 1672DF5F5A3A3C4D7D425611 /* src/syntax.cpp */; };
		4320EB569F3869383655B2EE /* src/terminal.cpp in Sources */ = {isa = PBXBuildFile; fileRef = FADE606F0C5C2EFEC2F6566F /* src/terminal.cpp */; };
		61EA7D70103DC90CE64CEBE2 /* src/terminal_common.cpp in Sources */ = {isa = PBXBuildFile; fileRef = DBDBAE16D748095635A263D4 /* src/terminal_common.cpp */; };
		265AC47C9C6EBAF550CE7D78 /* src/toolchain.cpp in Sources */ = {isa = PBXBuildFile; fileRef = 07EFE062A72338AE6B8EAB36 /* src/toolchain.cpp */; };
		58787F2C24173D2AED057CE1 /* src/tree.cpp in Sources */ = {isa = PBXBuildFile; fileRef = 70E54B5A11A3DE89E585B8F8 /* src/tree.cpp */; };
		2FFFDA1436D68F9AC7436BF3 /* src/utf8.cpp in Sources */ = {isa = PBXBuildFile; fileRef = B1518725C07974FF0EF62754 /* src/utf8.cpp */; };
		A8D35747617AEE8AB025F83E /* src/workspace.cpp in Sources */ = {isa = PBXBuildFile; fileRef = 43ED8A3ECC93C5C87FEBA2CD /* src/workspace.cpp */; };
/* End PBXBuildFile section */

/* Begin PBXFileReference section */
		53A999C42C9671A019D8A765 /* src/about.cpp */ = {isa = PBXFileReference; lastKnownFileType = sourcecode.cpp.cpp; path = src/about.cpp; sourceTree = "<group>"; };
		8C00B5B59F5572B6B53CE399 /* src/buffer.cpp */ = {isa = PBXFileReference; lastKnownFileType = sourcecode.cpp.cpp; path = src/buffer.cpp; sourceTree = "<group>"; };
		42C2524950308952518DA92E /* src/ccs/ccsoptions.cpp */ = {isa = PBXFileReference; lastKnownFileType = sourcecode.cpp.cpp; path = src/ccs/ccsoptions.cpp; sourceTree = "<group>"; };
		5905159552EC19757AF47EC4 /* src/ccs/ccsproject.cpp */ = {isa = PBXFileReference; lastKnownFileType = sourcecode.cpp.cpp; path = src/ccs/ccsproject.cpp; sourceTree = "<group>"; };
		E61DC0BE22FD14857E1434ED /* src/ccs/ccsworkspace.cpp */ = {isa = PBXFileReference; lastKnownFileType = sourcecode.cpp.cpp; path = src/ccs/ccsworkspace.cpp; sourceTree = "<group>"; };
		8DF7773F5AE10F2061C0933B /* src/ccs/ccsxml.cpp */ = {isa = PBXFileReference; lastKnownFileType = sourcecode.cpp.cpp; path = src/ccs/ccsxml.cpp; sourceTree = "<group>"; };
		EA4CCB1DFB2AECDB0402CF58 /* src/compile.cpp */ = {isa = PBXFileReference; lastKnownFileType = sourcecode.cpp.cpp; path = src/compile.cpp; sourceTree = "<group>"; };
		2F522DD9C4F2C1158C6C8EA4 /* src/convert.cpp */ = {isa = PBXFileReference; lastKnownFileType = sourcecode.cpp.cpp; path = src/convert.cpp; sourceTree = "<group>"; };
		1A539DA37C7D0ED8101CDB5F /* src/debugger.cpp */ = {isa = PBXFileReference; lastKnownFileType = sourcecode.cpp.cpp; path = src/debugger.cpp; sourceTree = "<group>"; };
		67F74D0DB4FDEA9DDC9E09D4 /* src/demangle_win.cpp */ = {isa = PBXFileReference; lastKnownFileType = sourcecode.cpp.cpp; path = src/demangle_win.cpp; sourceTree = "<group>"; };
		C6B12E11C353573C1F7E3683 /* src/editor.cpp */ = {isa = PBXFileReference; lastKnownFileType = sourcecode.cpp.cpp; path = src/editor.cpp; sourceTree = "<group>"; };
		05EBAC0C7F3A0A9AD2CCCF4F /* src/find.cpp */ = {isa = PBXFileReference; lastKnownFileType = sourcecode.cpp.cpp; path = src/find.cpp; sourceTree = "<group>"; };
		0A0C700F827A4627634A53C5 /* src/help.cpp */ = {isa = PBXFileReference; lastKnownFileType = sourcecode.cpp.cpp; path = src/help.cpp; sourceTree = "<group>"; };
		AE97944DB87D188A6AD978FA /* src/indent.cpp */ = {isa = PBXFileReference; lastKnownFileType = sourcecode.cpp.cpp; path = src/indent.cpp; sourceTree = "<group>"; };
		E1E1DD41B88D6BF2F440B5FC /* src/json.cpp */ = {isa = PBXFileReference; lastKnownFileType = sourcecode.cpp.cpp; path = src/json.cpp; sourceTree = "<group>"; };
		8A31723E5075794E4AF1D2A4 /* src/main.cpp */ = {isa = PBXFileReference; lastKnownFileType = sourcecode.cpp.cpp; path = src/main.cpp; sourceTree = "<group>"; };
		B018E6B2583F91DE614639CF /* src/menu.cpp */ = {isa = PBXFileReference; lastKnownFileType = sourcecode.cpp.cpp; path = src/menu.cpp; sourceTree = "<group>"; };
		395825C6E515B3A45327B338 /* src/options.cpp */ = {isa = PBXFileReference; lastKnownFileType = sourcecode.cpp.cpp; path = src/options.cpp; sourceTree = "<group>"; };
		91B8CD3038616B323202FF10 /* src/path.cpp */ = {isa = PBXFileReference; lastKnownFileType = sourcecode.cpp.cpp; path = src/path.cpp; sourceTree = "<group>"; };
		A457EC271F005C17EB5DF796 /* src/process.cpp */ = {isa = PBXFileReference; lastKnownFileType = sourcecode.cpp.cpp; path = src/process.cpp; sourceTree = "<group>"; };
		C55DF343937ADE51AF0B5629 /* src/project.cpp */ = {isa = PBXFileReference; lastKnownFileType = sourcecode.cpp.cpp; path = src/project.cpp; sourceTree = "<group>"; };
		86C25137E1F00325F728E56A /* src/settings.cpp */ = {isa = PBXFileReference; lastKnownFileType = sourcecode.cpp.cpp; path = src/settings.cpp; sourceTree = "<group>"; };
		F5A0D5518B42BCB7562414DA /* src/shalimar/channel.cpp */ = {isa = PBXFileReference; lastKnownFileType = sourcecode.cpp.cpp; path = src/shalimar/channel.cpp; sourceTree = "<group>"; };
		70EDE89DC613FB03CA1195A3 /* src/shalimar/session.cpp */ = {isa = PBXFileReference; lastKnownFileType = sourcecode.cpp.cpp; path = src/shalimar/session.cpp; sourceTree = "<group>"; };
		6DA566272E18FC99539F5063 /* src/symbols.cpp */ = {isa = PBXFileReference; lastKnownFileType = sourcecode.cpp.cpp; path = src/symbols.cpp; sourceTree = "<group>"; };
		1672DF5F5A3A3C4D7D425611 /* src/syntax.cpp */ = {isa = PBXFileReference; lastKnownFileType = sourcecode.cpp.cpp; path = src/syntax.cpp; sourceTree = "<group>"; };
		FADE606F0C5C2EFEC2F6566F /* src/terminal.cpp */ = {isa = PBXFileReference; lastKnownFileType = sourcecode.cpp.cpp; path = src/terminal.cpp; sourceTree = "<group>"; };
		DBDBAE16D748095635A263D4 /* src/terminal_common.cpp */ = {isa = PBXFileReference; lastKnownFileType = sourcecode.cpp.cpp; path = src/terminal_common.cpp; sourceTree = "<group>"; };
		07EFE062A72338AE6B8EAB36 /* src/toolchain.cpp */ = {isa = PBXFileReference; lastKnownFileType = sourcecode.cpp.cpp; path = src/toolchain.cpp; sourceTree = "<group>"; };
		70E54B5A11A3DE89E585B8F8 /* src/tree.cpp */ = {isa = PBXFileReference; lastKnownFileType = sourcecode.cpp.cpp; path = src/tree.cpp; sourceTree = "<group>"; };
		B1518725C07974FF0EF62754 /* src/utf8.cpp */ = {isa = PBXFileReference; lastKnownFileType = sourcecode.cpp.cpp; path = src/utf8.cpp; sourceTree = "<group>"; };
		43ED8A3ECC93C5C87FEBA2CD /* src/workspace.cpp */ = {isa = PBXFileReference; lastKnownFileType = sourcecode.cpp.cpp; path = src/workspace.cpp; sourceTree = "<group>"; };
		A5197A2600D6316CAFF6E755 /* src/about.h */ = {isa = PBXFileReference; lastKnownFileType = sourcecode.c.h; path = src/about.h; sourceTree = "<group>"; };
		811ABF9EEB8290B62B89B8B5 /* src/buffer.h */ = {isa = PBXFileReference; lastKnownFileType = sourcecode.c.h; path = src/buffer.h; sourceTree = "<group>"; };
		FC5B6C18B6726C5CB328BEFA /* src/ccs/ccsoptions.h */ = {isa = PBXFileReference; lastKnownFileType = sourcecode.c.h; path = src/ccs/ccsoptions.h; sourceTree = "<group>"; };
		C009C44122A359AB93571B54 /* src/ccs/ccsproject.h */ = {isa = PBXFileReference; lastKnownFileType = sourcecode.c.h; path = src/ccs/ccsproject.h; sourceTree = "<group>"; };
		06E8BC3C8425E0DB4B7D5420 /* src/ccs/ccsworkspace.h */ = {isa = PBXFileReference; lastKnownFileType = sourcecode.c.h; path = src/ccs/ccsworkspace.h; sourceTree = "<group>"; };
		F6C4A1C87C814B6E873410C7 /* src/ccs/ccsxml.h */ = {isa = PBXFileReference; lastKnownFileType = sourcecode.c.h; path = src/ccs/ccsxml.h; sourceTree = "<group>"; };
		24592E5790C07D5F48B7698B /* src/compile.h */ = {isa = PBXFileReference; lastKnownFileType = sourcecode.c.h; path = src/compile.h; sourceTree = "<group>"; };
		F9233243DDFF03FDE29EF1A1 /* src/convert.h */ = {isa = PBXFileReference; lastKnownFileType = sourcecode.c.h; path = src/convert.h; sourceTree = "<group>"; };
		04298D6AA66AFA4847F44903 /* src/debugger.h */ = {isa = PBXFileReference; lastKnownFileType = sourcecode.c.h; path = src/debugger.h; sourceTree = "<group>"; };
		834B15AB2CFA03789AA535CD /* src/editor.h */ = {isa = PBXFileReference; lastKnownFileType = sourcecode.c.h; path = src/editor.h; sourceTree = "<group>"; };
		195BB757CF4D27E5F0C21B45 /* src/find.h */ = {isa = PBXFileReference; lastKnownFileType = sourcecode.c.h; path = src/find.h; sourceTree = "<group>"; };
		FB504B6A163F2406FBDEB70A /* src/help.h */ = {isa = PBXFileReference; lastKnownFileType = sourcecode.c.h; path = src/help.h; sourceTree = "<group>"; };
		187A0EE377CDF3474BC72DE0 /* src/indent.h */ = {isa = PBXFileReference; lastKnownFileType = sourcecode.c.h; path = src/indent.h; sourceTree = "<group>"; };
		8DB902B426D2FAB3CEAC101C /* src/json.h */ = {isa = PBXFileReference; lastKnownFileType = sourcecode.c.h; path = src/json.h; sourceTree = "<group>"; };
		104CE3D0E875083CEA40C427 /* src/menu.h */ = {isa = PBXFileReference; lastKnownFileType = sourcecode.c.h; path = src/menu.h; sourceTree = "<group>"; };
		B1A797A53244358D7A139415 /* src/options.h */ = {isa = PBXFileReference; lastKnownFileType = sourcecode.c.h; path = src/options.h; sourceTree = "<group>"; };
		166382EC8142084675067278 /* src/path.h */ = {isa = PBXFileReference; lastKnownFileType = sourcecode.c.h; path = src/path.h; sourceTree = "<group>"; };
		DC8E0AB934223C7D88D10853 /* src/process.h */ = {isa = PBXFileReference; lastKnownFileType = sourcecode.c.h; path = src/process.h; sourceTree = "<group>"; };
		BF35EC2951A57DF27604F05A /* src/product.h */ = {isa = PBXFileReference; lastKnownFileType = sourcecode.c.h; path = src/product.h; sourceTree = "<group>"; };
		BD3489CDD55CEB195117D379 /* src/project.h */ = {isa = PBXFileReference; lastKnownFileType = sourcecode.c.h; path = src/project.h; sourceTree = "<group>"; };
		90CC1D1C044D6EA0293138D7 /* src/settings.h */ = {isa = PBXFileReference; lastKnownFileType = sourcecode.c.h; path = src/settings.h; sourceTree = "<group>"; };
		0450ABB585B224973FC49F69 /* src/shalimar/channel.h */ = {isa = PBXFileReference; lastKnownFileType = sourcecode.c.h; path = src/shalimar/channel.h; sourceTree = "<group>"; };
		428176452C1DE78B8C2ACF68 /* src/shalimar/session.h */ = {isa = PBXFileReference; lastKnownFileType = sourcecode.c.h; path = src/shalimar/session.h; sourceTree = "<group>"; };
		8F8D7E1DB95455241C96B01F /* src/symbols.h */ = {isa = PBXFileReference; lastKnownFileType = sourcecode.c.h; path = src/symbols.h; sourceTree = "<group>"; };
		0AEEAE4E5A480905CF5BB7DD /* src/syntax.h */ = {isa = PBXFileReference; lastKnownFileType = sourcecode.c.h; path = src/syntax.h; sourceTree = "<group>"; };
		7FEB0A9FB89318C085E34E38 /* src/terminal.h */ = {isa = PBXFileReference; lastKnownFileType = sourcecode.c.h; path = src/terminal.h; sourceTree = "<group>"; };
		A21ABBC14E2660B667318D26 /* src/toolchain.h */ = {isa = PBXFileReference; lastKnownFileType = sourcecode.c.h; path = src/toolchain.h; sourceTree = "<group>"; };
		51BA26021953AF4550E9662B /* src/tree.h */ = {isa = PBXFileReference; lastKnownFileType = sourcecode.c.h; path = src/tree.h; sourceTree = "<group>"; };
		8B68C25AF35CDFA99E8A3949 /* src/utf8.h */ = {isa = PBXFileReference; lastKnownFileType = sourcecode.c.h; path = src/utf8.h; sourceTree = "<group>"; };
		A857117769BDD29CDE429084 /* src/workspace.h */ = {isa = PBXFileReference; lastKnownFileType = sourcecode.c.h; path = src/workspace.h; sourceTree = "<group>"; };
		9CEE2D93949406552792796F /* RIDE.exe */ = {isa = PBXFileReference; explicitFileType = "compiled.mach-o.executable"; includeInIndex = 0; path = RIDE.exe; sourceTree = BUILT_PRODUCTS_DIR; };
		3C45B3BFE8FECB84F00729DA /* c90.exe.xcodeproj */ = {isa = PBXFileReference; lastKnownFileType = "wrapper.pb-project"; name = c90.exe.xcodeproj; path = "../VM6747/Compiler-Ci/ide/cc1.xcodeproj"; sourceTree = "<group>"; };
		4A5CD1BEA6A1BB961F4947B9 /* cpp11.exe.xcodeproj */ = {isa = PBXFileReference; lastKnownFileType = "wrapper.pb-project"; name = cpp11.exe.xcodeproj; path = "../VM6747/Compiler-Cppi/ide/cxx1.xcodeproj"; sourceTree = "<group>"; };
		DAA6962FD7E424BFF364E837 /* vm6747.exe.xcodeproj */ = {isa = PBXFileReference; lastKnownFileType = "wrapper.pb-project"; name = vm6747.exe.xcodeproj; path = "../VM6747/Emulator/vm6747.xcodeproj"; sourceTree = "<group>"; };
		8F025CDE2826AE5BDDA3562A /* asm6x.exe.xcodeproj */ = {isa = PBXFileReference; lastKnownFileType = "wrapper.pb-project"; name = asm6x.exe.xcodeproj; path = "../ASM6x/asm6x.xcodeproj"; sourceTree = "<group>"; };
		C6FDAB869EEB7E10AE5FD082 /* masm.exe.xcodeproj */ = {isa = PBXFileReference; lastKnownFileType = "wrapper.pb-project"; name = masm.exe.xcodeproj; path = "../MASM/masm.xcodeproj"; sourceTree = "<group>"; };
		50D81AC569E0F891754877FB /* link.exe.xcodeproj */ = {isa = PBXFileReference; lastKnownFileType = "wrapper.pb-project"; name = link.exe.xcodeproj; path = "../LINK/link.xcodeproj"; sourceTree = "<group>"; };
		9D247B3447C62B7635D2921C /* lnk6x.exe.xcodeproj */ = {isa = PBXFileReference; lastKnownFileType = "wrapper.pb-project"; name = lnk6x.exe.xcodeproj; path = "../LNK6x/lnk6x.xcodeproj"; sourceTree = "<group>"; };
		5D282113890EF8B08E9AEA66 /* sim6747.exe.xcodeproj */ = {isa = PBXFileReference; lastKnownFileType = "wrapper.pb-project"; name = sim6747.exe.xcodeproj; path = "../SIM6747/sim6747.xcodeproj"; sourceTree = "<group>"; };
		20F47CFB1AFB49F45A779D94 /* shalimar.exe.xcodeproj */ = {isa = PBXFileReference; lastKnownFileType = "wrapper.pb-project"; name = shalimar.exe.xcodeproj; path = "../VM6747/Compiler-Si/ide/shc.xcodeproj"; sourceTree = "<group>"; };
		BC9013065FB079B5AABE7840 /* c2s.exe.xcodeproj */ = {isa = PBXFileReference; lastKnownFileType = "wrapper.pb-project"; name = c2s.exe.xcodeproj; path = "../Converter-C2S/c2s.xcodeproj"; sourceTree = "<group>"; };
/* End PBXFileReference section */

/* Begin PBXContainerItemProxy section */
		CAD887E43F3B33D9D4198E61 /* PBXContainerItemProxy */ = {
			isa = PBXContainerItemProxy;
			containerPortal = 3C45B3BFE8FECB84F00729DA /* c90.exe.xcodeproj */;
			proxyType = 2;
			remoteGlobalIDString = 520B779DC5A1C1F95959FAA4;
			remoteInfo = c90.exe;
		};
		CBC49ABBBE46B88F4EBB6568 /* PBXContainerItemProxy */ = {
			isa = PBXContainerItemProxy;
			containerPortal = 3C45B3BFE8FECB84F00729DA /* c90.exe.xcodeproj */;
			proxyType = 1;
			remoteGlobalIDString = DA7E18966E5A34FC3F83139C;
			remoteInfo = c90.exe;
		};
		E198FB8AD647080EF7CBE1A1 /* PBXContainerItemProxy */ = {
			isa = PBXContainerItemProxy;
			containerPortal = 4A5CD1BEA6A1BB961F4947B9 /* cpp11.exe.xcodeproj */;
			proxyType = 2;
			remoteGlobalIDString = 2DC24FDB4CCDA14233AB5364;
			remoteInfo = cpp11.exe;
		};
		37BBC9D53D2C401396F15BFD /* PBXContainerItemProxy */ = {
			isa = PBXContainerItemProxy;
			containerPortal = 4A5CD1BEA6A1BB961F4947B9 /* cpp11.exe.xcodeproj */;
			proxyType = 1;
			remoteGlobalIDString = FC5035A3144E3FE75BF41BA5;
			remoteInfo = cpp11.exe;
		};
		C92249B15640A4ABC2B27161 /* PBXContainerItemProxy */ = {
			isa = PBXContainerItemProxy;
			containerPortal = DAA6962FD7E424BFF364E837 /* vm6747.exe.xcodeproj */;
			proxyType = 2;
			remoteGlobalIDString = 207AA90626EB58B979BE4229;
			remoteInfo = vm6747.exe;
		};
		1E69197CF10BBDC9743B5A25 /* PBXContainerItemProxy */ = {
			isa = PBXContainerItemProxy;
			containerPortal = DAA6962FD7E424BFF364E837 /* vm6747.exe.xcodeproj */;
			proxyType = 1;
			remoteGlobalIDString = B216694C7B15F1C133F86537;
			remoteInfo = vm6747.exe;
		};
		F615FA0C26B8B4BA21F60A2B /* PBXContainerItemProxy */ = {
			isa = PBXContainerItemProxy;
			containerPortal = 8F025CDE2826AE5BDDA3562A /* asm6x.exe.xcodeproj */;
			proxyType = 2;
			remoteGlobalIDString = 1BA4060C0C0AB77421D9125E;
			remoteInfo = asm6x.exe;
		};
		9C4052AF583BEADE4D5941DB /* PBXContainerItemProxy */ = {
			isa = PBXContainerItemProxy;
			containerPortal = 8F025CDE2826AE5BDDA3562A /* asm6x.exe.xcodeproj */;
			proxyType = 1;
			remoteGlobalIDString = 4C9755EAC3E6C308E3121AA8;
			remoteInfo = asm6x.exe;
		};
		16F95324F8D328152CD96FF0 /* PBXContainerItemProxy */ = {
			isa = PBXContainerItemProxy;
			containerPortal = C6FDAB869EEB7E10AE5FD082 /* masm.exe.xcodeproj */;
			proxyType = 2;
			remoteGlobalIDString = 3F5D281E29DB207A68C5DF5F;
			remoteInfo = masm.exe;
		};
		B0FCBA8AD0C38CF54A76BC10 /* PBXContainerItemProxy */ = {
			isa = PBXContainerItemProxy;
			containerPortal = C6FDAB869EEB7E10AE5FD082 /* masm.exe.xcodeproj */;
			proxyType = 1;
			remoteGlobalIDString = 6A503C59EA2D76B27E13F658;
			remoteInfo = masm.exe;
		};
		0BC5463CD0AABC976CEEBFC5 /* PBXContainerItemProxy */ = {
			isa = PBXContainerItemProxy;
			containerPortal = 50D81AC569E0F891754877FB /* link.exe.xcodeproj */;
			proxyType = 2;
			remoteGlobalIDString = 6656DF28AF5D20F50CBCEB32;
			remoteInfo = link.exe;
		};
		F780ECFE062730F63CE7F791 /* PBXContainerItemProxy */ = {
			isa = PBXContainerItemProxy;
			containerPortal = 50D81AC569E0F891754877FB /* link.exe.xcodeproj */;
			proxyType = 1;
			remoteGlobalIDString = C86FD8D895FEFF0485685DB1;
			remoteInfo = link.exe;
		};
		059FE6429DCF410E55006E30 /* PBXContainerItemProxy */ = {
			isa = PBXContainerItemProxy;
			containerPortal = 9D247B3447C62B7635D2921C /* lnk6x.exe.xcodeproj */;
			proxyType = 2;
			remoteGlobalIDString = A733BF72187A73EC1DC8F617;
			remoteInfo = lnk6x.exe;
		};
		0E662B3717904866837E32FE /* PBXContainerItemProxy */ = {
			isa = PBXContainerItemProxy;
			containerPortal = 9D247B3447C62B7635D2921C /* lnk6x.exe.xcodeproj */;
			proxyType = 1;
			remoteGlobalIDString = 0AF269B5D180058A3A373CDD;
			remoteInfo = lnk6x.exe;
		};
		9C87738C3EAED36AA6533B82 /* PBXContainerItemProxy */ = {
			isa = PBXContainerItemProxy;
			containerPortal = 5D282113890EF8B08E9AEA66 /* sim6747.exe.xcodeproj */;
			proxyType = 2;
			remoteGlobalIDString = B91267F56D6AA1024A984CAF;
			remoteInfo = sim6747.exe;
		};
		AA536CD4CCA5BE93F854590C /* PBXContainerItemProxy */ = {
			isa = PBXContainerItemProxy;
			containerPortal = 5D282113890EF8B08E9AEA66 /* sim6747.exe.xcodeproj */;
			proxyType = 1;
			remoteGlobalIDString = 5E960C5054CCAAB1660E0661;
			remoteInfo = sim6747.exe;
		};
		15AE588F317C502585E71E35 /* PBXContainerItemProxy */ = {
			isa = PBXContainerItemProxy;
			containerPortal = 20F47CFB1AFB49F45A779D94 /* shalimar.exe.xcodeproj */;
			proxyType = 2;
			remoteGlobalIDString = CC672FE3254F928D91AE2865;
			remoteInfo = shalimar.exe;
		};
		C154D1D7C305B4AFB787E4E6 /* PBXContainerItemProxy */ = {
			isa = PBXContainerItemProxy;
			containerPortal = 20F47CFB1AFB49F45A779D94 /* shalimar.exe.xcodeproj */;
			proxyType = 1;
			remoteGlobalIDString = F6440263CC8FDF9D2B83AC61;
			remoteInfo = shalimar.exe;
		};
		44F8872EAF2D2B8506B4F0E0 /* PBXContainerItemProxy */ = {
			isa = PBXContainerItemProxy;
			containerPortal = BC9013065FB079B5AABE7840 /* c2s.exe.xcodeproj */;
			proxyType = 2;
			remoteGlobalIDString = 470A5A64FA1A080FF5389DEF;
			remoteInfo = c2s.exe;
		};
		9F872536CC667504482AD5D0 /* PBXContainerItemProxy */ = {
			isa = PBXContainerItemProxy;
			containerPortal = BC9013065FB079B5AABE7840 /* c2s.exe.xcodeproj */;
			proxyType = 1;
			remoteGlobalIDString = 60D0049A896606ADF3A4D294;
			remoteInfo = c2s.exe;
		};
/* End PBXContainerItemProxy section */

/* Begin PBXFrameworksBuildPhase section */
		86FDC8B8DF022D155D193675 /* Frameworks */ = {
			isa = PBXFrameworksBuildPhase;
			buildActionMask = 2147483647;
			files = (
			);
			runOnlyForDeploymentPostprocessing = 0;
		};
/* End PBXFrameworksBuildPhase section */

/* Begin PBXGroup section */
		179C4BA12938F9F77056A7E3 = {
			isa = PBXGroup;
			children = (
				191E62C3D56BA2791BF063B0 /* Sources */,
				3C45B3BFE8FECB84F00729DA /* c90.exe.xcodeproj */,
				4A5CD1BEA6A1BB961F4947B9 /* cpp11.exe.xcodeproj */,
				DAA6962FD7E424BFF364E837 /* vm6747.exe.xcodeproj */,
				8F025CDE2826AE5BDDA3562A /* asm6x.exe.xcodeproj */,
				C6FDAB869EEB7E10AE5FD082 /* masm.exe.xcodeproj */,
				50D81AC569E0F891754877FB /* link.exe.xcodeproj */,
				9D247B3447C62B7635D2921C /* lnk6x.exe.xcodeproj */,
				5D282113890EF8B08E9AEA66 /* sim6747.exe.xcodeproj */,
				20F47CFB1AFB49F45A779D94 /* shalimar.exe.xcodeproj */,
				BC9013065FB079B5AABE7840 /* c2s.exe.xcodeproj */,
				C18780E713D0BF364A69C720 /* Products */,
			);
			sourceTree = "<group>";
		};
		191E62C3D56BA2791BF063B0 /* Sources */ = {
			isa = PBXGroup;
			children = (
				53A999C42C9671A019D8A765 /* src/about.cpp */,
				8C00B5B59F5572B6B53CE399 /* src/buffer.cpp */,
				42C2524950308952518DA92E /* src/ccs/ccsoptions.cpp */,
				5905159552EC19757AF47EC4 /* src/ccs/ccsproject.cpp */,
				E61DC0BE22FD14857E1434ED /* src/ccs/ccsworkspace.cpp */,
				8DF7773F5AE10F2061C0933B /* src/ccs/ccsxml.cpp */,
				EA4CCB1DFB2AECDB0402CF58 /* src/compile.cpp */,
				2F522DD9C4F2C1158C6C8EA4 /* src/convert.cpp */,
				1A539DA37C7D0ED8101CDB5F /* src/debugger.cpp */,
				67F74D0DB4FDEA9DDC9E09D4 /* src/demangle_win.cpp */,
				C6B12E11C353573C1F7E3683 /* src/editor.cpp */,
				05EBAC0C7F3A0A9AD2CCCF4F /* src/find.cpp */,
				0A0C700F827A4627634A53C5 /* src/help.cpp */,
				AE97944DB87D188A6AD978FA /* src/indent.cpp */,
				E1E1DD41B88D6BF2F440B5FC /* src/json.cpp */,
				8A31723E5075794E4AF1D2A4 /* src/main.cpp */,
				B018E6B2583F91DE614639CF /* src/menu.cpp */,
				395825C6E515B3A45327B338 /* src/options.cpp */,
				91B8CD3038616B323202FF10 /* src/path.cpp */,
				A457EC271F005C17EB5DF796 /* src/process.cpp */,
				C55DF343937ADE51AF0B5629 /* src/project.cpp */,
				86C25137E1F00325F728E56A /* src/settings.cpp */,
				F5A0D5518B42BCB7562414DA /* src/shalimar/channel.cpp */,
				70EDE89DC613FB03CA1195A3 /* src/shalimar/session.cpp */,
				6DA566272E18FC99539F5063 /* src/symbols.cpp */,
				1672DF5F5A3A3C4D7D425611 /* src/syntax.cpp */,
				FADE606F0C5C2EFEC2F6566F /* src/terminal.cpp */,
				DBDBAE16D748095635A263D4 /* src/terminal_common.cpp */,
				07EFE062A72338AE6B8EAB36 /* src/toolchain.cpp */,
				70E54B5A11A3DE89E585B8F8 /* src/tree.cpp */,
				B1518725C07974FF0EF62754 /* src/utf8.cpp */,
				43ED8A3ECC93C5C87FEBA2CD /* src/workspace.cpp */,
				A5197A2600D6316CAFF6E755 /* src/about.h */,
				811ABF9EEB8290B62B89B8B5 /* src/buffer.h */,
				FC5B6C18B6726C5CB328BEFA /* src/ccs/ccsoptions.h */,
				C009C44122A359AB93571B54 /* src/ccs/ccsproject.h */,
				06E8BC3C8425E0DB4B7D5420 /* src/ccs/ccsworkspace.h */,
				F6C4A1C87C814B6E873410C7 /* src/ccs/ccsxml.h */,
				24592E5790C07D5F48B7698B /* src/compile.h */,
				F9233243DDFF03FDE29EF1A1 /* src/convert.h */,
				04298D6AA66AFA4847F44903 /* src/debugger.h */,
				834B15AB2CFA03789AA535CD /* src/editor.h */,
				195BB757CF4D27E5F0C21B45 /* src/find.h */,
				FB504B6A163F2406FBDEB70A /* src/help.h */,
				187A0EE377CDF3474BC72DE0 /* src/indent.h */,
				8DB902B426D2FAB3CEAC101C /* src/json.h */,
				104CE3D0E875083CEA40C427 /* src/menu.h */,
				B1A797A53244358D7A139415 /* src/options.h */,
				166382EC8142084675067278 /* src/path.h */,
				DC8E0AB934223C7D88D10853 /* src/process.h */,
				BF35EC2951A57DF27604F05A /* src/product.h */,
				BD3489CDD55CEB195117D379 /* src/project.h */,
				90CC1D1C044D6EA0293138D7 /* src/settings.h */,
				0450ABB585B224973FC49F69 /* src/shalimar/channel.h */,
				428176452C1DE78B8C2ACF68 /* src/shalimar/session.h */,
				8F8D7E1DB95455241C96B01F /* src/symbols.h */,
				0AEEAE4E5A480905CF5BB7DD /* src/syntax.h */,
				7FEB0A9FB89318C085E34E38 /* src/terminal.h */,
				A21ABBC14E2660B667318D26 /* src/toolchain.h */,
				51BA26021953AF4550E9662B /* src/tree.h */,
				8B68C25AF35CDFA99E8A3949 /* src/utf8.h */,
				A857117769BDD29CDE429084 /* src/workspace.h */,
			);
			name = Sources;
			sourceTree = "<group>";
		};
		C18780E713D0BF364A69C720 /* Products */ = {
			isa = PBXGroup;
			children = (
				9CEE2D93949406552792796F /* RIDE.exe */,
			);
			name = Products;
			sourceTree = "<group>";
		};
		C5CA7BAF62DF7F33A94962E6 /* Products */ = {
			isa = PBXGroup;
			children = (
				5D24141C1DFBCD29AD9DD82A /* c90.exe */,
			);
			name = Products;
			sourceTree = "<group>";
		};
		AB16E088C42B9435D8488CF9 /* Products */ = {
			isa = PBXGroup;
			children = (
				62F654468495DFA2E17F6235 /* cpp11.exe */,
			);
			name = Products;
			sourceTree = "<group>";
		};
		5D8A75882788B6F1BD26CDC4 /* Products */ = {
			isa = PBXGroup;
			children = (
				DF0D30DF893DFD82C2D1A556 /* vm6747.exe */,
			);
			name = Products;
			sourceTree = "<group>";
		};
		6568B72C4E13B2BF01E41A69 /* Products */ = {
			isa = PBXGroup;
			children = (
				02FFCF917F893B89935E143F /* asm6x.exe */,
			);
			name = Products;
			sourceTree = "<group>";
		};
		D97A9BD8ABBAC794B6CD0FE7 /* Products */ = {
			isa = PBXGroup;
			children = (
				A7F5F17602A794D8C191B6CF /* masm.exe */,
			);
			name = Products;
			sourceTree = "<group>";
		};
		BB669AE08E7434BF8510A533 /* Products */ = {
			isa = PBXGroup;
			children = (
				19AAF690181DD2B81309A0B6 /* link.exe */,
			);
			name = Products;
			sourceTree = "<group>";
		};
		8CB98803EE656E618DF0A0B3 /* Products */ = {
			isa = PBXGroup;
			children = (
				3126B88E4AE2DB8F176552DE /* lnk6x.exe */,
			);
			name = Products;
			sourceTree = "<group>";
		};
		3E896AAEC29C7601FFED23E2 /* Products */ = {
			isa = PBXGroup;
			children = (
				563D51EDDC1BBBE7238DA08D /* sim6747.exe */,
			);
			name = Products;
			sourceTree = "<group>";
		};
		A3CADF3D129D12576654102A /* Products */ = {
			isa = PBXGroup;
			children = (
				47E9456A4D30B2A0D282BFDD /* shalimar.exe */,
			);
			name = Products;
			sourceTree = "<group>";
		};
		5C02F1DED24053162AFBCF50 /* Products */ = {
			isa = PBXGroup;
			children = (
				965A07FE0131200EFF59536A /* c2s.exe */,
			);
			name = Products;
			sourceTree = "<group>";
		};
/* End PBXGroup section */

/* Begin PBXReferenceProxy section */
		5D24141C1DFBCD29AD9DD82A /* c90.exe */ = {
			isa = PBXReferenceProxy;
			fileType = "compiled.mach-o.executable";
			path = c90.exe;
			remoteRef = CAD887E43F3B33D9D4198E61 /* PBXContainerItemProxy */;
			sourceTree = BUILT_PRODUCTS_DIR;
		};
		62F654468495DFA2E17F6235 /* cpp11.exe */ = {
			isa = PBXReferenceProxy;
			fileType = "compiled.mach-o.executable";
			path = cpp11.exe;
			remoteRef = E198FB8AD647080EF7CBE1A1 /* PBXContainerItemProxy */;
			sourceTree = BUILT_PRODUCTS_DIR;
		};
		DF0D30DF893DFD82C2D1A556 /* vm6747.exe */ = {
			isa = PBXReferenceProxy;
			fileType = "compiled.mach-o.executable";
			path = vm6747.exe;
			remoteRef = C92249B15640A4ABC2B27161 /* PBXContainerItemProxy */;
			sourceTree = BUILT_PRODUCTS_DIR;
		};
		02FFCF917F893B89935E143F /* asm6x.exe */ = {
			isa = PBXReferenceProxy;
			fileType = "compiled.mach-o.executable";
			path = asm6x.exe;
			remoteRef = F615FA0C26B8B4BA21F60A2B /* PBXContainerItemProxy */;
			sourceTree = BUILT_PRODUCTS_DIR;
		};
		A7F5F17602A794D8C191B6CF /* masm.exe */ = {
			isa = PBXReferenceProxy;
			fileType = "compiled.mach-o.executable";
			path = masm.exe;
			remoteRef = 16F95324F8D328152CD96FF0 /* PBXContainerItemProxy */;
			sourceTree = BUILT_PRODUCTS_DIR;
		};
		19AAF690181DD2B81309A0B6 /* link.exe */ = {
			isa = PBXReferenceProxy;
			fileType = "compiled.mach-o.executable";
			path = link.exe;
			remoteRef = 0BC5463CD0AABC976CEEBFC5 /* PBXContainerItemProxy */;
			sourceTree = BUILT_PRODUCTS_DIR;
		};
		3126B88E4AE2DB8F176552DE /* lnk6x.exe */ = {
			isa = PBXReferenceProxy;
			fileType = "compiled.mach-o.executable";
			path = lnk6x.exe;
			remoteRef = 059FE6429DCF410E55006E30 /* PBXContainerItemProxy */;
			sourceTree = BUILT_PRODUCTS_DIR;
		};
		563D51EDDC1BBBE7238DA08D /* sim6747.exe */ = {
			isa = PBXReferenceProxy;
			fileType = "compiled.mach-o.executable";
			path = sim6747.exe;
			remoteRef = 9C87738C3EAED36AA6533B82 /* PBXContainerItemProxy */;
			sourceTree = BUILT_PRODUCTS_DIR;
		};
		47E9456A4D30B2A0D282BFDD /* shalimar.exe */ = {
			isa = PBXReferenceProxy;
			fileType = "compiled.mach-o.executable";
			path = shalimar.exe;
			remoteRef = 15AE588F317C502585E71E35 /* PBXContainerItemProxy */;
			sourceTree = BUILT_PRODUCTS_DIR;
		};
		965A07FE0131200EFF59536A /* c2s.exe */ = {
			isa = PBXReferenceProxy;
			fileType = "compiled.mach-o.executable";
			path = c2s.exe;
			remoteRef = 44F8872EAF2D2B8506B4F0E0 /* PBXContainerItemProxy */;
			sourceTree = BUILT_PRODUCTS_DIR;
		};
/* End PBXReferenceProxy section */

/* Begin PBXNativeTarget section */
		0797A01E1B2BF94C7B86D1FF /* RIDE.exe */ = {
			isa = PBXNativeTarget;
			buildConfigurationList = 6D2A6CB3FA5DC964DC6F6B1C;
			buildPhases = (
				A57447273FF07FA7BEA9DCC2 /* Sources */,
				86FDC8B8DF022D155D193675 /* Frameworks */,
				BBE358E0C04E4DD69FAA44E5 /* put the finished program in RIDE's directory */,
			);
			buildRules = (
			);
			dependencies = (
				03229F5D9E979ED24C992E40 /* PBXTargetDependency */,
				8054FCA035751042AAA28963 /* PBXTargetDependency */,
				6257498F8340619004D0C9FF /* PBXTargetDependency */,
				2A53BE1BFF6A5322D03AA9D9 /* PBXTargetDependency */,
				798AA8065CE552C784396C3D /* PBXTargetDependency */,
				545C3C90E63EDC28BBBF1096 /* PBXTargetDependency */,
				178E83B15A97E4AD9DE4F752 /* PBXTargetDependency */,
				C9C657923BF5D76A79F70FB8 /* PBXTargetDependency */,
				94F0B70E90121F03E07652E0 /* PBXTargetDependency */,
				27CF405BAD4F100DEC0EB38F /* PBXTargetDependency */,
			);
			name = RIDE.exe;
			productName = RIDE.exe;
			productReference = 9CEE2D93949406552792796F /* RIDE.exe */;
			productType = "com.apple.product-type.tool";
		};
/* End PBXNativeTarget section */

/* Begin PBXTargetDependency section */
		03229F5D9E979ED24C992E40 /* PBXTargetDependency */ = {
			isa = PBXTargetDependency;
			name = c90.exe;
			targetProxy = CBC49ABBBE46B88F4EBB6568 /* PBXContainerItemProxy */;
		};
		8054FCA035751042AAA28963 /* PBXTargetDependency */ = {
			isa = PBXTargetDependency;
			name = cpp11.exe;
			targetProxy = 37BBC9D53D2C401396F15BFD /* PBXContainerItemProxy */;
		};
		6257498F8340619004D0C9FF /* PBXTargetDependency */ = {
			isa = PBXTargetDependency;
			name = vm6747.exe;
			targetProxy = 1E69197CF10BBDC9743B5A25 /* PBXContainerItemProxy */;
		};
		2A53BE1BFF6A5322D03AA9D9 /* PBXTargetDependency */ = {
			isa = PBXTargetDependency;
			name = asm6x.exe;
			targetProxy = 9C4052AF583BEADE4D5941DB /* PBXContainerItemProxy */;
		};
		798AA8065CE552C784396C3D /* PBXTargetDependency */ = {
			isa = PBXTargetDependency;
			name = masm.exe;
			targetProxy = B0FCBA8AD0C38CF54A76BC10 /* PBXContainerItemProxy */;
		};
		545C3C90E63EDC28BBBF1096 /* PBXTargetDependency */ = {
			isa = PBXTargetDependency;
			name = link.exe;
			targetProxy = F780ECFE062730F63CE7F791 /* PBXContainerItemProxy */;
		};
		178E83B15A97E4AD9DE4F752 /* PBXTargetDependency */ = {
			isa = PBXTargetDependency;
			name = lnk6x.exe;
			targetProxy = 0E662B3717904866837E32FE /* PBXContainerItemProxy */;
		};
		C9C657923BF5D76A79F70FB8 /* PBXTargetDependency */ = {
			isa = PBXTargetDependency;
			name = sim6747.exe;
			targetProxy = AA536CD4CCA5BE93F854590C /* PBXContainerItemProxy */;
		};
		94F0B70E90121F03E07652E0 /* PBXTargetDependency */ = {
			isa = PBXTargetDependency;
			name = shalimar.exe;
			targetProxy = C154D1D7C305B4AFB787E4E6 /* PBXContainerItemProxy */;
		};
		27CF405BAD4F100DEC0EB38F /* PBXTargetDependency */ = {
			isa = PBXTargetDependency;
			name = c2s.exe;
			targetProxy = 9F872536CC667504482AD5D0 /* PBXContainerItemProxy */;
		};
/* End PBXTargetDependency section */

/* Begin PBXProject section */
		2E2E01EDFB5AB45052CE9E98 /* Project object */ = {
			isa = PBXProject;
			attributes = {
				BuildIndependentTargetsInParallel = 1;
				LastUpgradeCheck = 1600;
			};
			buildConfigurationList = 99EF1B47999434300731B6CA;
			developmentRegion = en;
			hasScannedForEncodings = 0;
			knownRegions = (
				en,
				Base,
			);
			mainGroup = 179C4BA12938F9F77056A7E3;
			productRefGroup = C18780E713D0BF364A69C720 /* Products */;
			projectDirPath = "";
			projectReferences = (
				{
					ProductGroup = C5CA7BAF62DF7F33A94962E6 /* Products */;
					ProjectRef = 3C45B3BFE8FECB84F00729DA /* c90.exe.xcodeproj */;
				},
				{
					ProductGroup = AB16E088C42B9435D8488CF9 /* Products */;
					ProjectRef = 4A5CD1BEA6A1BB961F4947B9 /* cpp11.exe.xcodeproj */;
				},
				{
					ProductGroup = 5D8A75882788B6F1BD26CDC4 /* Products */;
					ProjectRef = DAA6962FD7E424BFF364E837 /* vm6747.exe.xcodeproj */;
				},
				{
					ProductGroup = 6568B72C4E13B2BF01E41A69 /* Products */;
					ProjectRef = 8F025CDE2826AE5BDDA3562A /* asm6x.exe.xcodeproj */;
				},
				{
					ProductGroup = D97A9BD8ABBAC794B6CD0FE7 /* Products */;
					ProjectRef = C6FDAB869EEB7E10AE5FD082 /* masm.exe.xcodeproj */;
				},
				{
					ProductGroup = BB669AE08E7434BF8510A533 /* Products */;
					ProjectRef = 50D81AC569E0F891754877FB /* link.exe.xcodeproj */;
				},
				{
					ProductGroup = 8CB98803EE656E618DF0A0B3 /* Products */;
					ProjectRef = 9D247B3447C62B7635D2921C /* lnk6x.exe.xcodeproj */;
				},
				{
					ProductGroup = 3E896AAEC29C7601FFED23E2 /* Products */;
					ProjectRef = 5D282113890EF8B08E9AEA66 /* sim6747.exe.xcodeproj */;
				},
				{
					ProductGroup = A3CADF3D129D12576654102A /* Products */;
					ProjectRef = 20F47CFB1AFB49F45A779D94 /* shalimar.exe.xcodeproj */;
				},
				{
					ProductGroup = 5C02F1DED24053162AFBCF50 /* Products */;
					ProjectRef = BC9013065FB079B5AABE7840 /* c2s.exe.xcodeproj */;
				},
			);
			projectRoot = "";
			targets = (
				0797A01E1B2BF94C7B86D1FF /* RIDE.exe */,
			);
		};
/* End PBXProject section */

/* Begin PBXShellScriptBuildPhase section */
		BBE358E0C04E4DD69FAA44E5 /* put the finished program in RIDE's directory */ = {
			isa = PBXShellScriptBuildPhase;
			alwaysOutOfDate = 1;
			buildActionMask = 2147483647;
			files = (
			);
			inputPaths = (
			);
			name = "put the finished program in RIDE's directory";
			outputPaths = (
			);
			runOnlyForDeploymentPostprocessing = 0;
			shellPath = /bin/sh;
			shellScript = "set -e\ndest=\"$SRCROOT\"\nmkdir -p \"$dest\"\ncp -f \"$BUILT_PRODUCTS_DIR/$PRODUCT_NAME\" \"$dest/.$PRODUCT_NAME.new\"\nmv -f \"$dest/.$PRODUCT_NAME.new\" \"$dest/$PRODUCT_NAME\"\ncodesign --force --sign - \"$dest/$PRODUCT_NAME\"\n";
		};
/* End PBXShellScriptBuildPhase section */

/* Begin PBXSourcesBuildPhase section */
		A57447273FF07FA7BEA9DCC2 /* Sources */ = {
			isa = PBXSourcesBuildPhase;
			buildActionMask = 2147483647;
			files = (
				C45721AA0A8F9B747607FAAF /* src/about.cpp in Sources */,
				3759E1DE49A5A047B1FD92F6 /* src/buffer.cpp in Sources */,
				E23EED208E56D37CAE53DC5A /* src/ccs/ccsoptions.cpp in Sources */,
				E367EC7379091671D941A164 /* src/ccs/ccsproject.cpp in Sources */,
				4EDADC6836ED15E99CBA3C90 /* src/ccs/ccsworkspace.cpp in Sources */,
				49451D0141C057A13FE859A0 /* src/ccs/ccsxml.cpp in Sources */,
				3D912BE475A22DD3A6039374 /* src/compile.cpp in Sources */,
				319EBB26E9A9D41EF297C51C /* src/convert.cpp in Sources */,
				219518665EABAB5920FEDA40 /* src/debugger.cpp in Sources */,
				47CDCED66421F0502C09B6CF /* src/demangle_win.cpp in Sources */,
				96FEE82F330CD26476D83BD6 /* src/editor.cpp in Sources */,
				2744B4F10452E4C7B39EDF5C /* src/find.cpp in Sources */,
				60BF7F690A61919C4BAEBBF8 /* src/help.cpp in Sources */,
				BBEB12E2EB2FD02614C3A817 /* src/indent.cpp in Sources */,
				6A57A483F9540EF9246A960E /* src/json.cpp in Sources */,
				9E15F4B59E4BBC3E4AD2F1E7 /* src/main.cpp in Sources */,
				8E3CBD78070B828F024B9D5D /* src/menu.cpp in Sources */,
				4AFA48DB144293C2907D0352 /* src/options.cpp in Sources */,
				BA0190A9CEE093E268463B39 /* src/path.cpp in Sources */,
				557E7A7074A432B3AC0A3911 /* src/process.cpp in Sources */,
				A36513F8FAD50E90AC4B8F28 /* src/project.cpp in Sources */,
				E5A75D275726500CC3193782 /* src/settings.cpp in Sources */,
				1441F2535BCDC950D8C1C89C /* src/shalimar/channel.cpp in Sources */,
				66CE108DCD82940B533C6987 /* src/shalimar/session.cpp in Sources */,
				02C5CC7DDC2F07EAA47A6C8A /* src/symbols.cpp in Sources */,
				93C57B27876ABF90F2EF8112 /* src/syntax.cpp in Sources */,
				4320EB569F3869383655B2EE /* src/terminal.cpp in Sources */,
				61EA7D70103DC90CE64CEBE2 /* src/terminal_common.cpp in Sources */,
				265AC47C9C6EBAF550CE7D78 /* src/toolchain.cpp in Sources */,
				58787F2C24173D2AED057CE1 /* src/tree.cpp in Sources */,
				2FFFDA1436D68F9AC7436BF3 /* src/utf8.cpp in Sources */,
				A8D35747617AEE8AB025F83E /* src/workspace.cpp in Sources */,
			);
			runOnlyForDeploymentPostprocessing = 0;
		};
/* End PBXSourcesBuildPhase section */

/* Begin XCBuildConfiguration section */
		15661545F57904E2356FA3F5 /* Debug */ = {
			isa = XCBuildConfiguration;
			buildSettings = {
				ALWAYS_SEARCH_USER_PATHS = NO;
				OBJROOT = "$(TMPDIR)/ride-xcode";
				SYMROOT = "$(TMPDIR)/ride-xcode";
				CLANG_CXX_LANGUAGE_STANDARD = "c++14";
				CLANG_ENABLE_OBJC_ARC = YES;
				CLANG_WARN_IMPLICIT_SIGN_CONVERSION = NO;
				CODE_SIGN_STYLE = Automatic;
				GCC_TREAT_WARNINGS_AS_ERRORS = YES;
				GCC_WARN_64_TO_32_BIT_CONVERSION = NO;
				MACOSX_DEPLOYMENT_TARGET = 12.0;
				PRODUCT_NAME = RIDE.exe;
				SDKROOT = macosx;
				USER_HEADER_SEARCH_PATHS = "$(SRCROOT)/src";
				WARNING_CFLAGS = (
					"-Wall",
					"-Wextra",
					"-pedantic",
				);
				DEBUG_INFORMATION_FORMAT = dwarf;
				GCC_OPTIMIZATION_LEVEL = 0;
			};
			name = Debug;
		};
		56A66CA5DC91D9D63AAA2BC7 /* Release */ = {
			isa = XCBuildConfiguration;
			buildSettings = {
				ALWAYS_SEARCH_USER_PATHS = NO;
				OBJROOT = "$(TMPDIR)/ride-xcode";
				SYMROOT = "$(TMPDIR)/ride-xcode";
				CLANG_CXX_LANGUAGE_STANDARD = "c++14";
				CLANG_ENABLE_OBJC_ARC = YES;
				CLANG_WARN_IMPLICIT_SIGN_CONVERSION = NO;
				CODE_SIGN_STYLE = Automatic;
				GCC_TREAT_WARNINGS_AS_ERRORS = YES;
				GCC_WARN_64_TO_32_BIT_CONVERSION = NO;
				MACOSX_DEPLOYMENT_TARGET = 12.0;
				PRODUCT_NAME = RIDE.exe;
				SDKROOT = macosx;
				USER_HEADER_SEARCH_PATHS = "$(SRCROOT)/src";
				WARNING_CFLAGS = (
					"-Wall",
					"-Wextra",
					"-pedantic",
				);
				DEBUG_INFORMATION_FORMAT = "dwarf-with-dsym";
				GCC_OPTIMIZATION_LEVEL = 2;
			};
			name = Release;
		};
		1B732AFEED27AB326F5CFBF6 /* Debug */ = {
			isa = XCBuildConfiguration;
			buildSettings = {
				ALWAYS_SEARCH_USER_PATHS = NO;
				OBJROOT = "$(TMPDIR)/ride-xcode";
				SYMROOT = "$(TMPDIR)/ride-xcode";
				CLANG_CXX_LANGUAGE_STANDARD = "c++14";
				CLANG_ENABLE_OBJC_ARC = YES;
				CLANG_WARN_IMPLICIT_SIGN_CONVERSION = NO;
				CODE_SIGN_STYLE = Automatic;
				GCC_TREAT_WARNINGS_AS_ERRORS = YES;
				GCC_WARN_64_TO_32_BIT_CONVERSION = NO;
				MACOSX_DEPLOYMENT_TARGET = 12.0;
				PRODUCT_NAME = RIDE.exe;
				SDKROOT = macosx;
				USER_HEADER_SEARCH_PATHS = "$(SRCROOT)/src";
				WARNING_CFLAGS = (
					"-Wall",
					"-Wextra",
					"-pedantic",
				);
				DEBUG_INFORMATION_FORMAT = dwarf;
				GCC_OPTIMIZATION_LEVEL = 0;
			};
			name = Debug;
		};
		128F0F0CF97BD851A42671CA /* Release */ = {
			isa = XCBuildConfiguration;
			buildSettings = {
				ALWAYS_SEARCH_USER_PATHS = NO;
				OBJROOT = "$(TMPDIR)/ride-xcode";
				SYMROOT = "$(TMPDIR)/ride-xcode";
				CLANG_CXX_LANGUAGE_STANDARD = "c++14";
				CLANG_ENABLE_OBJC_ARC = YES;
				CLANG_WARN_IMPLICIT_SIGN_CONVERSION = NO;
				CODE_SIGN_STYLE = Automatic;
				GCC_TREAT_WARNINGS_AS_ERRORS = YES;
				GCC_WARN_64_TO_32_BIT_CONVERSION = NO;
				MACOSX_DEPLOYMENT_TARGET = 12.0;
				PRODUCT_NAME = RIDE.exe;
				SDKROOT = macosx;
				USER_HEADER_SEARCH_PATHS = "$(SRCROOT)/src";
				WARNING_CFLAGS = (
					"-Wall",
					"-Wextra",
					"-pedantic",
				);
				DEBUG_INFORMATION_FORMAT = "dwarf-with-dsym";
				GCC_OPTIMIZATION_LEVEL = 2;
			};
			name = Release;
		};
/* End XCBuildConfiguration section */

/* Begin XCConfigurationList section */
		99EF1B47999434300731B6CA /* project */ = {
			isa = XCConfigurationList;
			buildConfigurations = (
				15661545F57904E2356FA3F5 /* Debug */,
				56A66CA5DC91D9D63AAA2BC7 /* Release */,
			);
			defaultConfigurationIsVisible = 0;
			defaultConfigurationName = Debug;
		};
		6D2A6CB3FA5DC964DC6F6B1C /* target */ = {
			isa = XCConfigurationList;
			buildConfigurations = (
				1B732AFEED27AB326F5CFBF6 /* Debug */,
				128F0F0CF97BD851A42671CA /* Release */,
			);
			defaultConfigurationIsVisible = 0;
			defaultConfigurationName = Debug;
		};
/* End XCConfigurationList section */
	};
	rootObject = 2E2E01EDFB5AB45052CE9E98 /* Project object */;
}
