// !$*UTF8*$!
{
	archiveVersion = 1;
	classes = {
	};
	objectVersion = 56;
	objects = {

		FF33949060A8FC6987EE249E = {
			isa = PBXAggregateTarget;
			buildConfigurationList = F1FC810B0C503108ED375FF3;
			buildPhases = (
				D9087E6DC4E03E39ACCCA0EA,
			);
			dependencies = (
			);
			name = Installer;
			productName = Installer;
		};
		72DCE29456EC5E2DE8C39B6F = {
			isa = PBXGroup;
			children = (
			);
			sourceTree = "<group>";
		};
		40D2A41353AD0800DA966B2C = {
			isa = PBXProject;
			buildConfigurationList = 4BD4F22B345D29503392D0CD;
			compatibilityVersion = "Xcode 14.0";
			developmentRegion = en;
			hasScannedForEncodings = 0;
			knownRegions = (
				en,
			);
			mainGroup = 72DCE29456EC5E2DE8C39B6F;
			projectDirPath = "";
			projectRoot = "";
			targets = (
				FF33949060A8FC6987EE249E,
			);
		};
		D9087E6DC4E03E39ACCCA0EA = {
			isa = PBXShellScriptBuildPhase;
			buildActionMask = 2147483647;
			files = (
			);
			inputPaths = (
			);
			name = "Build every project, then the .pkg";
			outputPaths = (
			);
			runOnlyForDeploymentPostprocessing = 0;
			shellPath = /bin/sh;
			shellScript = "cd \"$PROJECT_DIR/../..\" && sh packaging/macos/build-pkg.sh 5.1\n";
			showEnvVarsInLog = 0;
		};
		DBF8B3B49474250C9A1958E8 = {
			isa = XCBuildConfiguration;
			buildSettings = {
			};
			name = Debug;
		};
		16B3E2A128E0E71BCFBB5231 = {
			isa = XCBuildConfiguration;
			buildSettings = {
			};
			name = Release;
		};
		D27E7F9B6FFB7B9891F986F9 = {
			isa = XCBuildConfiguration;
			buildSettings = {
			};
			name = Debug;
		};
		43755CFA59056840A88C6AD5 = {
			isa = XCBuildConfiguration;
			buildSettings = {
			};
			name = Release;
		};
		4BD4F22B345D29503392D0CD = {
			isa = XCConfigurationList;
			buildConfigurations = (
				DBF8B3B49474250C9A1958E8,
				16B3E2A128E0E71BCFBB5231,
			);
			defaultConfigurationIsVisible = 0;
			defaultConfigurationName = Release;
		};
		F1FC810B0C503108ED375FF3 = {
			isa = XCConfigurationList;
			buildConfigurations = (
				D27E7F9B6FFB7B9891F986F9,
				43755CFA59056840A88C6AD5,
			);
			defaultConfigurationIsVisible = 0;
			defaultConfigurationName = Release;
		};
	};
	rootObject = 40D2A41353AD0800DA966B2C;
}
